
Microsoft Visual Studio Solution File, Format Version 12.00
# Visual Studio Version 16
Project("{2150E333-8FDC-42A3-9474-1A3956D46DE8}") = "CMakePredefinedTargets", "CMakePredefinedTargets", "{5F1EF505-E677-3B6B-B4BD-03393D7661EA}"
EndProject
Project("{2150E333-8FDC-42A3-9474-1A3956D46DE8}") = "Channels", "Channels", "{C2835F62-2336-3CA1-A57D-8B3CF81EAC90}"
EndProject
Project("{2150E333-8FDC-42A3-9474-1A3956D46DE8}") = "audin", "Channels\audin", "{E985241D-F7DB-33EB-8F59-FB16CDE368D0}"
EndProject
Project("{2150E333-8FDC-42A3-9474-1A3956D46DE8}") = "Client", "Channels\audin\Client", "{5ECEE75B-E58B-33CC-BE22-C9932E6D01D4}"
EndProject
Project("{2150E333-8FDC-42A3-9474-1A3956D46DE8}") = "winmm", "Channels\audin\Client\winmm", "{ADD39173-52B7-3EDC-8480-93CD5CE6958E}"
EndProject
Project("{2150E333-8FDC-42A3-9474-1A3956D46DE8}") = "cliprdr", "Channels\cliprdr", "{C2A1D13F-8662-38D0-AF61-7C14FF384527}"
EndProject
Project("{2150E333-8FDC-42A3-9474-1A3956D46DE8}") = "Client", "Channels\cliprdr\Client", "{79E23F78-2645-37BA-9647-2F17647B687C}"
EndProject
Project("{2150E333-8FDC-42A3-9474-1A3956D46DE8}") = "disp", "Channels\disp", "{CD52A588-7EE7-39B9-BDCC-66141D71B1F8}"
EndProject
Project("{2150E333-8FDC-42A3-9474-1A3956D46DE8}") = "Client", "Channels\disp\Client", "{96B7093B-15FE-3961-88F8-78294F0E40AA}"
EndProject
Project("{2150E333-8FDC-42A3-9474-1A3956D46DE8}") = "drdynvc", "Channels\drdynvc", "{00B97408-9D05-3178-8E71-657878705342}"
EndProject
Project("{2150E333-8FDC-42A3-9474-1A3956D46DE8}") = "Client", "Channels\drdynvc\Client", "{AFC0ADB3-8087-3AF3-976D-B065E366CE30}"
EndProject
Project("{2150E333-8FDC-42A3-9474-1A3956D46DE8}") = "drive", "Channels\drive", "{1A0E284E-0AA9-3C34-B11B-58897BDF0506}"
EndProject
Project("{2150E333-8FDC-42A3-9474-1A3956D46DE8}") = "Client", "Channels\drive\Client", "{E03B58CB-DC18-398A-A15B-E39D0E45EFB1}"
EndProject
Project("{2150E333-8FDC-42A3-9474-1A3956D46DE8}") = "echo", "Channels\echo", "{D87094F9-A13E-3B34-B73B-32A50043E930}"
EndProject
Project("{2150E333-8FDC-42A3-9474-1A3956D46DE8}") = "Client", "Channels\echo\Client", "{FB633C9A-50DF-3998-B49F-BE96B589354E}"
EndProject
Project("{2150E333-8FDC-42A3-9474-1A3956D46DE8}") = "encomsp", "Channels\encomsp", "{643FA8E4-890E-379A-98C0-A27D5B94693B}"
EndProject
Project("{2150E333-8FDC-42A3-9474-1A3956D46DE8}") = "Client", "Channels\encomsp\Client", "{70B3CDF7-8BBF-397A-8F65-9B103F78464B}"
EndProject
Project("{2150E333-8FDC-42A3-9474-1A3956D46DE8}") = "geometry", "Channels\geometry", "{403BF015-71D8-3572-9ACF-68107A6A617A}"
EndProject
Project("{2150E333-8FDC-42A3-9474-1A3956D46DE8}") = "Client", "Channels\geometry\Client", "{5B6C9AD3-D4C1-3367-919E-C813B5681DAE}"
EndProject
Project("{2150E333-8FDC-42A3-9474-1A3956D46DE8}") = "printer", "Channels\printer", "{FF864411-BC22-315D-A19A-F6BBF4A02FCA}"
EndProject
Project("{2150E333-8FDC-42A3-9474-1A3956D46DE8}") = "Client", "Channels\printer\Client", "{13B77C6B-ABC7-336D-8FDF-2D281EB1149E}"
EndProject
Project("{2150E333-8FDC-42A3-9474-1A3956D46DE8}") = "rail", "Channels\rail", "{96B96559-C2DB-30AD-9470-33B0CF86E370}"
EndProject
Project("{2150E333-8FDC-42A3-9474-1A3956D46DE8}") = "Client", "Channels\rail\Client", "{EBE5FB80-39EC-37A0-91CE-BB1E03671843}"
EndProject
Project("{2150E333-8FDC-42A3-9474-1A3956D46DE8}") = "rdp2tcp", "Channels\rdp2tcp", "{EAFE56F7-6A4E-388A-BD93-62442B6B3FA5}"
EndProject
Project("{2150E333-8FDC-42A3-9474-1A3956D46DE8}") = "Client", "Channels\rdp2tcp\Client", "{AFBDA471-213C-3675-BE6A-0108718CA4B3}"
EndProject
Project("{2150E333-8FDC-42A3-9474-1A3956D46DE8}") = "rdpdr", "Channels\rdpdr", "{DF1E78BA-F3D5-36A8-8201-565946E9A6A2}"
EndProject
Project("{2150E333-8FDC-42A3-9474-1A3956D46DE8}") = "Client", "Channels\rdpdr\Client", "{5F3605F8-5C69-3FB5-850D-A9A1C4D0F373}"
EndProject
Project("{2150E333-8FDC-42A3-9474-1A3956D46DE8}") = "rdpei", "Channels\rdpei", "{BABAFF48-511F-3A10-B226-CE12CCFCD872}"
EndProject
Project("{2150E333-8FDC-42A3-9474-1A3956D46DE8}") = "Client", "Channels\rdpei\Client", "{5E9F46AB-039E-3475-AE73-67DBDAD83188}"
EndProject
Project("{2150E333-8FDC-42A3-9474-1A3956D46DE8}") = "rdpgfx", "Channels\rdpgfx", "{E74D5A21-0618-3A4D-B74B-391C13F7B84C}"
EndProject
Project("{2150E333-8FDC-42A3-9474-1A3956D46DE8}") = "Client", "Channels\rdpgfx\Client", "{4D9D6EEA-E95A-35AA-8D75-97B0319CBF69}"
EndProject
Project("{2150E333-8FDC-42A3-9474-1A3956D46DE8}") = "rdpsnd", "Channels\rdpsnd", "{E5E65D12-ECC5-39AF-AE2D-3E921E971700}"
EndProject
Project("{2150E333-8FDC-42A3-9474-1A3956D46DE8}") = "Client", "Channels\rdpsnd\Client", "{322D583B-E45F-3585-91AA-1E35D3EEA3BF}"
EndProject
Project("{2150E333-8FDC-42A3-9474-1A3956D46DE8}") = "Fake", "Channels\rdpsnd\Client\Fake", "{AAC28445-ACA1-3CF1-BF70-AA4E8445AC57}"
EndProject
Project("{2150E333-8FDC-42A3-9474-1A3956D46DE8}") = "WinMM", "Channels\rdpsnd\Client\WinMM", "{B374B010-E993-3324-9840-5054B3ABAA42}"
EndProject
Project("{2150E333-8FDC-42A3-9474-1A3956D46DE8}") = "remdesk", "Channels\remdesk", "{0B814680-4FEE-32BC-BE44-E62376A470D3}"
EndProject
Project("{2150E333-8FDC-42A3-9474-1A3956D46DE8}") = "Client", "Channels\remdesk\Client", "{80C259D9-ADD6-38DA-B987-036007BE96C1}"
EndProject
Project("{2150E333-8FDC-42A3-9474-1A3956D46DE8}") = "smartcard", "Channels\smartcard", "{B31D4BF6-9032-3D07-9EC8-51C6227E6546}"
EndProject
Project("{2150E333-8FDC-42A3-9474-1A3956D46DE8}") = "Client", "Channels\smartcard\Client", "{596945AB-747E-3DD6-BDA6-B727DF9FD2D2}"
EndProject
Project("{2150E333-8FDC-42A3-9474-1A3956D46DE8}") = "urbdrc", "Channels\urbdrc", "{44ED9887-37C0-3B54-BCA9-3638E28AE5B9}"
EndProject
Project("{2150E333-8FDC-42A3-9474-1A3956D46DE8}") = "Client", "Channels\urbdrc\Client", "{D9C68555-1042-3238-B7E7-DBD34F5E0BCA}"
EndProject
Project("{2150E333-8FDC-42A3-9474-1A3956D46DE8}") = "video", "Channels\video", "{6E5AA3F6-AE37-3D0A-AA88-C8D04B7CA025}"
EndProject
Project("{2150E333-8FDC-42A3-9474-1A3956D46DE8}") = "Client", "Channels\video\Client", "{8BBD8430-88FF-3F74-96FD-C26A0F9313F6}"
EndProject
Project("{2150E333-8FDC-42A3-9474-1A3956D46DE8}") = "Client", "Client", "{67CFE906-D94B-3718-BC50-E135D98AEFE0}"
EndProject
Project("{2150E333-8FDC-42A3-9474-1A3956D46DE8}") = "Common", "Client\Common", "{91D94C68-BC2E-3C83-82F9-5271B3CC3E76}"
EndProject
Project("{2150E333-8FDC-42A3-9474-1A3956D46DE8}") = "Windows", "Client\Windows", "{ABCAC13B-6C67-3BD6-8856-B01E51A8027A}"
EndProject
Project("{2150E333-8FDC-42A3-9474-1A3956D46DE8}") = "FreeRDP", "FreeRDP", "{EF2DA929-58AD-37CA-8BBC-216E742267B4}"
EndProject
Project("{2150E333-8FDC-42A3-9474-1A3956D46DE8}") = "libfreerdp", "FreeRDP\libfreerdp", "{F1701D5B-6747-374B-BB96-B6D405C0B947}"
EndProject
Project("{2150E333-8FDC-42A3-9474-1A3956D46DE8}") = "RdTk", "RdTk", "{0BA210E5-EEA2-3C14-9007-70FFCC01268C}"
EndProject
Project("{2150E333-8FDC-42A3-9474-1A3956D46DE8}") = "WinPR", "WinPR", "{7C68790B-B46D-3937-918B-01B9C090B799}"
EndProject
Project("{2150E333-8FDC-42A3-9474-1A3956D46DE8}") = "Tools", "WinPR\Tools", "{485BB744-4018-32A8-AE74-0357620010FD}"
EndProject
Project("{2150E333-8FDC-42A3-9474-1A3956D46DE8}") = "libwinpr", "WinPR\libwinpr", "{263F15F2-6EE4-3C55-9B32-0CAB156C241E}"
EndProject
Project("{8BC9CEB8-8B4A-11D0-8D11-00A0C91BC942}") = "ALL_BUILD", "ALL_BUILD.vcxproj", "{A3568EAD-F249-37FF-826A-7A9CDE98BAAA}"
	ProjectSection(ProjectDependencies) = postProject
		{6F45CE54-4755-347E-AFF8-CEBC11AA821B} = {6F45CE54-4755-347E-AFF8-CEBC11AA821B}
		{B1E79808-F065-32D4-8C7B-4ACE910D60F8} = {B1E79808-F065-32D4-8C7B-4ACE910D60F8}
		{19FC4094-EC94-3D33-8D04-31BED3CAC9AC} = {19FC4094-EC94-3D33-8D04-31BED3CAC9AC}
		{5A08BA06-C148-3DD7-9C2C-924852711792} = {5A08BA06-C148-3DD7-9C2C-924852711792}
		{3C3FB7ED-0241-30E2-BF2C-0F7997EC9349} = {3C3FB7ED-0241-30E2-BF2C-0F7997EC9349}
		{AC4C79FE-405B-3FF0-852A-291A53A4FACE} = {AC4C79FE-405B-3FF0-852A-291A53A4FACE}
		{A050DD79-B076-3908-9DA4-60C8CF0BCCC7} = {A050DD79-B076-3908-9DA4-60C8CF0BCCC7}
		{4F93FD58-375D-39F4-88BC-471363FFBBE3} = {4F93FD58-375D-39F4-88BC-471363FFBBE3}
		{168534B3-F2B1-384D-B283-93E1626EC15F} = {168534B3-F2B1-384D-B283-93E1626EC15F}
		{47B0B101-7D02-37EF-89B4-A2F6DDBAE8AA} = {47B0B101-7D02-37EF-89B4-A2F6DDBAE8AA}
		{979D113F-6722-3923-93EA-9F4D3650B41B} = {979D113F-6722-3923-93EA-9F4D3650B41B}
		{934A3E1F-FFBC-3514-890E-0857EC197316} = {934A3E1F-FFBC-3514-890E-0857EC197316}
		{FB93D594-FC4F-3492-9580-2BDE95C1A4AC} = {FB93D594-FC4F-3492-9580-2BDE95C1A4AC}
		{46E045DA-80D3-348A-BEA5-F351940E373C} = {46E045DA-80D3-348A-BEA5-F351940E373C}
		{ACB21497-0E55-3FB1-A976-E63A81E84A7C} = {ACB21497-0E55-3FB1-A976-E63A81E84A7C}
		{2E7525DC-2340-3C71-828E-1A775D5551BD} = {2E7525DC-2340-3C71-828E-1A775D5551BD}
		{9A336B84-4289-39CE-ACF7-FD59346F6736} = {9A336B84-4289-39CE-ACF7-FD59346F6736}
		{75CC1B82-1BE0-3349-B522-A45F7BA3BDA6} = {75CC1B82-1BE0-3349-B522-A45F7BA3BDA6}
		{CFFCC4D6-D873-3606-BA55-7D2CC1B87B05} = {CFFCC4D6-D873-3606-BA55-7D2CC1B87B05}
		{65AB6E2C-55AD-39F8-91CF-E1ACA0DAD46D} = {65AB6E2C-55AD-39F8-91CF-E1ACA0DAD46D}
		{D0F21922-6759-3D59-A01A-21B8F0BEA4D8} = {D0F21922-6759-3D59-A01A-21B8F0BEA4D8}
		{65533086-EF60-3BD0-A194-A42A255774F2} = {65533086-EF60-3BD0-A194-A42A255774F2}
		{8CBC925A-F560-3995-B4FE-6BB090BD1F6F} = {8CBC925A-F560-3995-B4FE-6BB090BD1F6F}
		{4B1467DC-6AD8-3E8A-90A3-3A1C245ECC7E} = {4B1467DC-6AD8-3E8A-90A3-3A1C245ECC7E}
		{E00F3FA2-53FE-32C6-9367-6EC775F30244} = {E00F3FA2-53FE-32C6-9367-6EC775F30244}
		{D6B4BC1B-5E14-3C4D-A97C-ABEDC8A60838} = {D6B4BC1B-5E14-3C4D-A97C-ABEDC8A60838}
		{015B83BB-986A-34E8-9E1F-953619203804} = {015B83BB-986A-34E8-9E1F-953619203804}
		{78EE17DE-F8EB-366C-B9B5-2678AD9EA847} = {78EE17DE-F8EB-366C-B9B5-2678AD9EA847}
		{6B66DF74-37D2-3F49-BF70-2E80A679D439} = {6B66DF74-37D2-3F49-BF70-2E80A679D439}
		{F70F304F-63CE-3982-B8E5-CD5E5F87C9B6} = {F70F304F-63CE-3982-B8E5-CD5E5F87C9B6}
		{36AC7B13-EBF2-382F-B958-4DEC1B8DFF39} = {36AC7B13-EBF2-382F-B958-4DEC1B8DFF39}
		{B914104C-22F6-38F5-BF0D-B533ADD23F04} = {B914104C-22F6-38F5-BF0D-B533ADD23F04}
		{8EF49114-62C3-353C-9163-0F4A69FBC90E} = {8EF49114-62C3-353C-9163-0F4A69FBC90E}
	EndProjectSection
EndProject
Project("{8BC9CEB8-8B4A-11D0-8D11-00A0C91BC942}") = "INSTALL", "INSTALL.vcxproj", "{7EE61996-5C65-3C63-9873-42D7540ACECD}"
	ProjectSection(ProjectDependencies) = postProject
		{A3568EAD-F249-37FF-826A-7A9CDE98BAAA} = {A3568EAD-F249-37FF-826A-7A9CDE98BAAA}
	EndProjectSection
EndProject
Project("{8BC9CEB8-8B4A-11D0-8D11-00A0C91BC942}") = "PACKAGE", "PACKAGE.vcxproj", "{770ED3D8-6788-3CED-BD4E-3A6949E88CE6}"
	ProjectSection(ProjectDependencies) = postProject
		{A3568EAD-F249-37FF-826A-7A9CDE98BAAA} = {A3568EAD-F249-37FF-826A-7A9CDE98BAAA}
	EndProjectSection
EndProject
Project("{8BC9CEB8-8B4A-11D0-8D11-00A0C91BC942}") = "audin-client", "channels\audin\client\audin-client.vcxproj", "{6F45CE54-4755-347E-AFF8-CEBC11AA821B}"
	ProjectSection(ProjectDependencies) = postProject
		{168534B3-F2B1-384D-B283-93E1626EC15F} = {168534B3-F2B1-384D-B283-93E1626EC15F}
		{F70F304F-63CE-3982-B8E5-CD5E5F87C9B6} = {F70F304F-63CE-3982-B8E5-CD5E5F87C9B6}
	EndProjectSection
EndProject
Project("{8BC9CEB8-8B4A-11D0-8D11-00A0C91BC942}") = "audin-client-winmm", "channels\audin\client\winmm\audin-client-winmm.vcxproj", "{B1E79808-F065-32D4-8C7B-4ACE910D60F8}"
	ProjectSection(ProjectDependencies) = postProject
		{168534B3-F2B1-384D-B283-93E1626EC15F} = {168534B3-F2B1-384D-B283-93E1626EC15F}
		{F70F304F-63CE-3982-B8E5-CD5E5F87C9B6} = {F70F304F-63CE-3982-B8E5-CD5E5F87C9B6}
	EndProjectSection
EndProject
Project("{8BC9CEB8-8B4A-11D0-8D11-00A0C91BC942}") = "cliprdr-client", "channels\cliprdr\client\cliprdr-client.vcxproj", "{19FC4094-EC94-3D33-8D04-31BED3CAC9AC}"
	ProjectSection(ProjectDependencies) = postProject
	EndProjectSection
EndProject
Project("{8BC9CEB8-8B4A-11D0-8D11-00A0C91BC942}") = "disp-client", "channels\disp\client\disp-client.vcxproj", "{5A08BA06-C148-3DD7-9C2C-924852711792}"
	ProjectSection(ProjectDependencies) = postProject
		{F70F304F-63CE-3982-B8E5-CD5E5F87C9B6} = {F70F304F-63CE-3982-B8E5-CD5E5F87C9B6}
	EndProjectSection
EndProject
Project("{8BC9CEB8-8B4A-11D0-8D11-00A0C91BC942}") = "drdynvc-client", "channels\drdynvc\client\drdynvc-client.vcxproj", "{3C3FB7ED-0241-30E2-BF2C-0F7997EC9349}"
	ProjectSection(ProjectDependencies) = postProject
	EndProjectSection
EndProject
Project("{8BC9CEB8-8B4A-11D0-8D11-00A0C91BC942}") = "drive-client", "channels\drive\client\drive-client.vcxproj", "{AC4C79FE-405B-3FF0-852A-291A53A4FACE}"
	ProjectSection(ProjectDependencies) = postProject
		{168534B3-F2B1-384D-B283-93E1626EC15F} = {168534B3-F2B1-384D-B283-93E1626EC15F}
		{F70F304F-63CE-3982-B8E5-CD5E5F87C9B6} = {F70F304F-63CE-3982-B8E5-CD5E5F87C9B6}
	EndProjectSection
EndProject
Project("{8BC9CEB8-8B4A-11D0-8D11-00A0C91BC942}") = "echo-client", "channels\echo\client\echo-client.vcxproj", "{A050DD79-B076-3908-9DA4-60C8CF0BCCC7}"
	ProjectSection(ProjectDependencies) = postProject
		{F70F304F-63CE-3982-B8E5-CD5E5F87C9B6} = {F70F304F-63CE-3982-B8E5-CD5E5F87C9B6}
	EndProjectSection
EndProject
Project("{8BC9CEB8-8B4A-11D0-8D11-00A0C91BC942}") = "encomsp-client", "channels\encomsp\client\encomsp-client.vcxproj", "{4F93FD58-375D-39F4-88BC-471363FFBBE3}"
	ProjectSection(ProjectDependencies) = postProject
	EndProjectSection
EndProject
Project("{8BC9CEB8-8B4A-11D0-8D11-00A0C91BC942}") = "freerdp", "libfreerdp\freerdp.vcxproj", "{168534B3-F2B1-384D-B283-93E1626EC15F}"
	ProjectSection(ProjectDependencies) = postProject
		{F70F304F-63CE-3982-B8E5-CD5E5F87C9B6} = {F70F304F-63CE-3982-B8E5-CD5E5F87C9B6}
	EndProjectSection
EndProject
Project("{8BC9CEB8-8B4A-11D0-8D11-00A0C91BC942}") = "freerdp-client", "client\common\freerdp-client.vcxproj", "{47B0B101-7D02-37EF-89B4-A2F6DDBAE8AA}"
	ProjectSection(ProjectDependencies) = postProject
		{6F45CE54-4755-347E-AFF8-CEBC11AA821B} = {6F45CE54-4755-347E-AFF8-CEBC11AA821B}
		{B1E79808-F065-32D4-8C7B-4ACE910D60F8} = {B1E79808-F065-32D4-8C7B-4ACE910D60F8}
		{19FC4094-EC94-3D33-8D04-31BED3CAC9AC} = {19FC4094-EC94-3D33-8D04-31BED3CAC9AC}
		{5A08BA06-C148-3DD7-9C2C-924852711792} = {5A08BA06-C148-3DD7-9C2C-924852711792}
		{3C3FB7ED-0241-30E2-BF2C-0F7997EC9349} = {3C3FB7ED-0241-30E2-BF2C-0F7997EC9349}
		{AC4C79FE-405B-3FF0-852A-291A53A4FACE} = {AC4C79FE-405B-3FF0-852A-291A53A4FACE}
		{A050DD79-B076-3908-9DA4-60C8CF0BCCC7} = {A050DD79-B076-3908-9DA4-60C8CF0BCCC7}
		{4F93FD58-375D-39F4-88BC-471363FFBBE3} = {4F93FD58-375D-39F4-88BC-471363FFBBE3}
		{168534B3-F2B1-384D-B283-93E1626EC15F} = {168534B3-F2B1-384D-B283-93E1626EC15F}
		{979D113F-6722-3923-93EA-9F4D3650B41B} = {979D113F-6722-3923-93EA-9F4D3650B41B}
		{934A3E1F-FFBC-3514-890E-0857EC197316} = {934A3E1F-FFBC-3514-890E-0857EC197316}
		{FB93D594-FC4F-3492-9580-2BDE95C1A4AC} = {FB93D594-FC4F-3492-9580-2BDE95C1A4AC}
		{46E045DA-80D3-348A-BEA5-F351940E373C} = {46E045DA-80D3-348A-BEA5-F351940E373C}
		{ACB21497-0E55-3FB1-A976-E63A81E84A7C} = {ACB21497-0E55-3FB1-A976-E63A81E84A7C}
		{2E7525DC-2340-3C71-828E-1A775D5551BD} = {2E7525DC-2340-3C71-828E-1A775D5551BD}
		{9A336B84-4289-39CE-ACF7-FD59346F6736} = {9A336B84-4289-39CE-ACF7-FD59346F6736}
		{75CC1B82-1BE0-3349-B522-A45F7BA3BDA6} = {75CC1B82-1BE0-3349-B522-A45F7BA3BDA6}
		{CFFCC4D6-D873-3606-BA55-7D2CC1B87B05} = {CFFCC4D6-D873-3606-BA55-7D2CC1B87B05}
		{65AB6E2C-55AD-39F8-91CF-E1ACA0DAD46D} = {65AB6E2C-55AD-39F8-91CF-E1ACA0DAD46D}
		{D0F21922-6759-3D59-A01A-21B8F0BEA4D8} = {D0F21922-6759-3D59-A01A-21B8F0BEA4D8}
		{8CBC925A-F560-3995-B4FE-6BB090BD1F6F} = {8CBC925A-F560-3995-B4FE-6BB090BD1F6F}
		{4B1467DC-6AD8-3E8A-90A3-3A1C245ECC7E} = {4B1467DC-6AD8-3E8A-90A3-3A1C245ECC7E}
		{E00F3FA2-53FE-32C6-9367-6EC775F30244} = {E00F3FA2-53FE-32C6-9367-6EC775F30244}
		{D6B4BC1B-5E14-3C4D-A97C-ABEDC8A60838} = {D6B4BC1B-5E14-3C4D-A97C-ABEDC8A60838}
		{78EE17DE-F8EB-366C-B9B5-2678AD9EA847} = {78EE17DE-F8EB-366C-B9B5-2678AD9EA847}
		{F70F304F-63CE-3982-B8E5-CD5E5F87C9B6} = {F70F304F-63CE-3982-B8E5-CD5E5F87C9B6}
	EndProjectSection
EndProject
Project("{8BC9CEB8-8B4A-11D0-8D11-00A0C91BC942}") = "geometry-client", "channels\geometry\client\geometry-client.vcxproj", "{979D113F-6722-3923-93EA-9F4D3650B41B}"
	ProjectSection(ProjectDependencies) = postProject
		{F70F304F-63CE-3982-B8E5-CD5E5F87C9B6} = {F70F304F-63CE-3982-B8E5-CD5E5F87C9B6}
	EndProjectSection
EndProject
Project("{8BC9CEB8-8B4A-11D0-8D11-00A0C91BC942}") = "printer-client", "channels\printer\client\printer-client.vcxproj", "{934A3E1F-FFBC-3514-890E-0857EC197316}"
	ProjectSection(ProjectDependencies) = postProject
		{168534B3-F2B1-384D-B283-93E1626EC15F} = {168534B3-F2B1-384D-B283-93E1626EC15F}
		{F70F304F-63CE-3982-B8E5-CD5E5F87C9B6} = {F70F304F-63CE-3982-B8E5-CD5E5F87C9B6}
	EndProjectSection
EndProject
Project("{8BC9CEB8-8B4A-11D0-8D11-00A0C91BC942}") = "printer-client-win", "channels\printer\client\win\printer-client-win.vcxproj", "{FB93D594-FC4F-3492-9580-2BDE95C1A4AC}"
	ProjectSection(ProjectDependencies) = postProject
		{168534B3-F2B1-384D-B283-93E1626EC15F} = {168534B3-F2B1-384D-B283-93E1626EC15F}
		{F70F304F-63CE-3982-B8E5-CD5E5F87C9B6} = {F70F304F-63CE-3982-B8E5-CD5E5F87C9B6}
	EndProjectSection
EndProject
Project("{8BC9CEB8-8B4A-11D0-8D11-00A0C91BC942}") = "rail-client", "channels\rail\client\rail-client.vcxproj", "{46E045DA-80D3-348A-BEA5-F351940E373C}"
	ProjectSection(ProjectDependencies) = postProject
		{168534B3-F2B1-384D-B283-93E1626EC15F} = {168534B3-F2B1-384D-B283-93E1626EC15F}
	EndProjectSection
EndProject
Project("{8BC9CEB8-8B4A-11D0-8D11-00A0C91BC942}") = "rdp2tcp-client", "channels\rdp2tcp\client\rdp2tcp-client.vcxproj", "{ACB21497-0E55-3FB1-A976-E63A81E84A7C}"
	ProjectSection(ProjectDependencies) = postProject
		{168534B3-F2B1-384D-B283-93E1626EC15F} = {168534B3-F2B1-384D-B283-93E1626EC15F}
	EndProjectSection
EndProject
Project("{8BC9CEB8-8B4A-11D0-8D11-00A0C91BC942}") = "rdpdr-client", "channels\rdpdr\client\rdpdr-client.vcxproj", "{2E7525DC-2340-3C71-828E-1A775D5551BD}"
	ProjectSection(ProjectDependencies) = postProject
		{168534B3-F2B1-384D-B283-93E1626EC15F} = {168534B3-F2B1-384D-B283-93E1626EC15F}
		{F70F304F-63CE-3982-B8E5-CD5E5F87C9B6} = {F70F304F-63CE-3982-B8E5-CD5E5F87C9B6}
	EndProjectSection
EndProject
Project("{8BC9CEB8-8B4A-11D0-8D11-00A0C91BC942}") = "rdpei-client", "channels\rdpei\client\rdpei-client.vcxproj", "{9A336B84-4289-39CE-ACF7-FD59346F6736}"
	ProjectSection(ProjectDependencies) = postProject
		{168534B3-F2B1-384D-B283-93E1626EC15F} = {168534B3-F2B1-384D-B283-93E1626EC15F}
		{F70F304F-63CE-3982-B8E5-CD5E5F87C9B6} = {F70F304F-63CE-3982-B8E5-CD5E5F87C9B6}
	EndProjectSection
EndProject
Project("{8BC9CEB8-8B4A-11D0-8D11-00A0C91BC942}") = "rdpgfx-client", "channels\rdpgfx\client\rdpgfx-client.vcxproj", "{75CC1B82-1BE0-3349-B522-A45F7BA3BDA6}"
	ProjectSection(ProjectDependencies) = postProject
		{168534B3-F2B1-384D-B283-93E1626EC15F} = {168534B3-F2B1-384D-B283-93E1626EC15F}
		{F70F304F-63CE-3982-B8E5-CD5E5F87C9B6} = {F70F304F-63CE-3982-B8E5-CD5E5F87C9B6}
	EndProjectSection
EndProject
Project("{8BC9CEB8-8B4A-11D0-8D11-00A0C91BC942}") = "rdpsnd-client", "channels\rdpsnd\client\rdpsnd-client.vcxproj", "{CFFCC4D6-D873-3606-BA55-7D2CC1B87B05}"
	ProjectSection(ProjectDependencies) = postProject
		{168534B3-F2B1-384D-B283-93E1626EC15F} = {168534B3-F2B1-384D-B283-93E1626EC15F}
		{F70F304F-63CE-3982-B8E5-CD5E5F87C9B6} = {F70F304F-63CE-3982-B8E5-CD5E5F87C9B6}
	EndProjectSection
EndProject
Project("{8BC9CEB8-8B4A-11D0-8D11-00A0C91BC942}") = "rdpsnd-client-fake", "channels\rdpsnd\client\fake\rdpsnd-client-fake.vcxproj", "{65AB6E2C-55AD-39F8-91CF-E1ACA0DAD46D}"
	ProjectSection(ProjectDependencies) = postProject
		{168534B3-F2B1-384D-B283-93E1626EC15F} = {168534B3-F2B1-384D-B283-93E1626EC15F}
		{F70F304F-63CE-3982-B8E5-CD5E5F87C9B6} = {F70F304F-63CE-3982-B8E5-CD5E5F87C9B6}
	EndProjectSection
EndProject
Project("{8BC9CEB8-8B4A-11D0-8D11-00A0C91BC942}") = "rdpsnd-client-winmm", "channels\rdpsnd\client\winmm\rdpsnd-client-winmm.vcxproj", "{D0F21922-6759-3D59-A01A-21B8F0BEA4D8}"
	ProjectSection(ProjectDependencies) = postProject
		{168534B3-F2B1-384D-B283-93E1626EC15F} = {168534B3-F2B1-384D-B283-93E1626EC15F}
		{F70F304F-63CE-3982-B8E5-CD5E5F87C9B6} = {F70F304F-63CE-3982-B8E5-CD5E5F87C9B6}
	EndProjectSection
EndProject
Project("{8BC9CEB8-8B4A-11D0-8D11-00A0C91BC942}") = "rdtk", "rdtk\librdtk\rdtk.vcxproj", "{65533086-EF60-3BD0-A194-A42A255774F2}"
	ProjectSection(ProjectDependencies) = postProject
		{168534B3-F2B1-384D-B283-93E1626EC15F} = {168534B3-F2B1-384D-B283-93E1626EC15F}
		{F70F304F-63CE-3982-B8E5-CD5E5F87C9B6} = {F70F304F-63CE-3982-B8E5-CD5E5F87C9B6}
	EndProjectSection
EndProject
Project("{8BC9CEB8-8B4A-11D0-8D11-00A0C91BC942}") = "remdesk-client", "channels\remdesk\client\remdesk-client.vcxproj", "{8CBC925A-F560-3995-B4FE-6BB090BD1F6F}"
	ProjectSection(ProjectDependencies) = postProject
	EndProjectSection
EndProject
Project("{8BC9CEB8-8B4A-11D0-8D11-00A0C91BC942}") = "smartcard-client", "channels\smartcard\client\smartcard-client.vcxproj", "{4B1467DC-6AD8-3E8A-90A3-3A1C245ECC7E}"
	ProjectSection(ProjectDependencies) = postProject
		{168534B3-F2B1-384D-B283-93E1626EC15F} = {168534B3-F2B1-384D-B283-93E1626EC15F}
		{F70F304F-63CE-3982-B8E5-CD5E5F87C9B6} = {F70F304F-63CE-3982-B8E5-CD5E5F87C9B6}
	EndProjectSection
EndProject
Project("{8BC9CEB8-8B4A-11D0-8D11-00A0C91BC942}") = "urbdrc-client", "channels\urbdrc\client\urbdrc-client.vcxproj", "{E00F3FA2-53FE-32C6-9367-6EC775F30244}"
	ProjectSection(ProjectDependencies) = postProject
		{168534B3-F2B1-384D-B283-93E1626EC15F} = {168534B3-F2B1-384D-B283-93E1626EC15F}
		{015B83BB-986A-34E8-9E1F-953619203804} = {015B83BB-986A-34E8-9E1F-953619203804}
		{F70F304F-63CE-3982-B8E5-CD5E5F87C9B6} = {F70F304F-63CE-3982-B8E5-CD5E5F87C9B6}
	EndProjectSection
EndProject
Project("{8BC9CEB8-8B4A-11D0-8D11-00A0C91BC942}") = "urbdrc-client-libusb", "channels\urbdrc\client\libusb\urbdrc-client-libusb.vcxproj", "{D6B4BC1B-5E14-3C4D-A97C-ABEDC8A60838}"
	ProjectSection(ProjectDependencies) = postProject
		{168534B3-F2B1-384D-B283-93E1626EC15F} = {168534B3-F2B1-384D-B283-93E1626EC15F}
		{E00F3FA2-53FE-32C6-9367-6EC775F30244} = {E00F3FA2-53FE-32C6-9367-6EC775F30244}
		{F70F304F-63CE-3982-B8E5-CD5E5F87C9B6} = {F70F304F-63CE-3982-B8E5-CD5E5F87C9B6}
	EndProjectSection
EndProject
Project("{8BC9CEB8-8B4A-11D0-8D11-00A0C91BC942}") = "urbdrc-common", "channels\urbdrc\common\urbdrc-common.vcxproj", "{015B83BB-986A-34E8-9E1F-953619203804}"
	ProjectSection(ProjectDependencies) = postProject
	EndProjectSection
EndProject
Project("{8BC9CEB8-8B4A-11D0-8D11-00A0C91BC942}") = "video-client", "channels\video\client\video-client.vcxproj", "{78EE17DE-F8EB-366C-B9B5-2678AD9EA847}"
	ProjectSection(ProjectDependencies) = postProject
		{F70F304F-63CE-3982-B8E5-CD5E5F87C9B6} = {F70F304F-63CE-3982-B8E5-CD5E5F87C9B6}
	EndProjectSection
EndProject
Project("{8BC9CEB8-8B4A-11D0-8D11-00A0C91BC942}") = "wfreerdp-client", "client\Windows\wfreerdp-client.vcxproj", "{6B66DF74-37D2-3F49-BF70-2E80A679D439}"
	ProjectSection(ProjectDependencies) = postProject
		{168534B3-F2B1-384D-B283-93E1626EC15F} = {168534B3-F2B1-384D-B283-93E1626EC15F}
		{47B0B101-7D02-37EF-89B4-A2F6DDBAE8AA} = {47B0B101-7D02-37EF-89B4-A2F6DDBAE8AA}
		{F70F304F-63CE-3982-B8E5-CD5E5F87C9B6} = {F70F304F-63CE-3982-B8E5-CD5E5F87C9B6}
	EndProjectSection
EndProject
Project("{8BC9CEB8-8B4A-11D0-8D11-00A0C91BC942}") = "winpr", "winpr\libwinpr\winpr.vcxproj", "{F70F304F-63CE-3982-B8E5-CD5E5F87C9B6}"
	ProjectSection(ProjectDependencies) = postProject
	EndProjectSection
EndProject
Project("{8BC9CEB8-8B4A-11D0-8D11-00A0C91BC942}") = "winpr-hash", "winpr\tools\hash-cli\winpr-hash.vcxproj", "{36AC7B13-EBF2-382F-B958-4DEC1B8DFF39}"
	ProjectSection(ProjectDependencies) = postProject
		{F70F304F-63CE-3982-B8E5-CD5E5F87C9B6} = {F70F304F-63CE-3982-B8E5-CD5E5F87C9B6}
	EndProjectSection
EndProject
Project("{8BC9CEB8-8B4A-11D0-8D11-00A0C91BC942}") = "winpr-makecert", "winpr\tools\makecert-cli\winpr-makecert.vcxproj", "{B914104C-22F6-38F5-BF0D-B533ADD23F04}"
	ProjectSection(ProjectDependencies) = postProject
		{F70F304F-63CE-3982-B8E5-CD5E5F87C9B6} = {F70F304F-63CE-3982-B8E5-CD5E5F87C9B6}
		{8EF49114-62C3-353C-9163-0F4A69FBC90E} = {8EF49114-62C3-353C-9163-0F4A69FBC90E}
	EndProjectSection
EndProject
Project("{8BC9CEB8-8B4A-11D0-8D11-00A0C91BC942}") = "winpr-tools", "winpr\tools\winpr-tools.vcxproj", "{8EF49114-62C3-353C-9163-0F4A69FBC90E}"
	ProjectSection(ProjectDependencies) = postProject
		{F70F304F-63CE-3982-B8E5-CD5E5F87C9B6} = {F70F304F-63CE-3982-B8E5-CD5E5F87C9B6}
	EndProjectSection
EndProject
Global
	GlobalSection(SolutionConfigurationPlatforms) = preSolution
		Debug|x64 = Debug|x64
		Release|x64 = Release|x64
		MinSizeRel|x64 = MinSizeRel|x64
		RelWithDebInfo|x64 = RelWithDebInfo|x64
	EndGlobalSection
	GlobalSection(ProjectConfigurationPlatforms) = postSolution
		{A3568EAD-F249-37FF-826A-7A9CDE98BAAA}.Debug|x64.ActiveCfg = Debug|x64
		{A3568EAD-F249-37FF-826A-7A9CDE98BAAA}.Debug|x64.Build.0 = Debug|x64
		{A3568EAD-F249-37FF-826A-7A9CDE98BAAA}.Release|x64.ActiveCfg = Release|x64
		{A3568EAD-F249-37FF-826A-7A9CDE98BAAA}.Release|x64.Build.0 = Release|x64
		{A3568EAD-F249-37FF-826A-7A9CDE98BAAA}.MinSizeRel|x64.ActiveCfg = MinSizeRel|x64
		{A3568EAD-F249-37FF-826A-7A9CDE98BAAA}.MinSizeRel|x64.Build.0 = MinSizeRel|x64
		{A3568EAD-F249-37FF-826A-7A9CDE98BAAA}.RelWithDebInfo|x64.ActiveCfg = RelWithDebInfo|x64
		{A3568EAD-F249-37FF-826A-7A9CDE98BAAA}.RelWithDebInfo|x64.Build.0 = RelWithDebInfo|x64
		{7EE61996-5C65-3C63-9873-42D7540ACECD}.Debug|x64.ActiveCfg = Debug|x64
		{7EE61996-5C65-3C63-9873-42D7540ACECD}.Release|x64.ActiveCfg = Release|x64
		{7EE61996-5C65-3C63-9873-42D7540ACECD}.MinSizeRel|x64.ActiveCfg = MinSizeRel|x64
		{7EE61996-5C65-3C63-9873-42D7540ACECD}.RelWithDebInfo|x64.ActiveCfg = RelWithDebInfo|x64
		{770ED3D8-6788-3CED-BD4E-3A6949E88CE6}.Debug|x64.ActiveCfg = Debug|x64
		{770ED3D8-6788-3CED-BD4E-3A6949E88CE6}.Release|x64.ActiveCfg = Release|x64
		{770ED3D8-6788-3CED-BD4E-3A6949E88CE6}.MinSizeRel|x64.ActiveCfg = MinSizeRel|x64
		{770ED3D8-6788-3CED-BD4E-3A6949E88CE6}.RelWithDebInfo|x64.ActiveCfg = RelWithDebInfo|x64
		{6F45CE54-4755-347E-AFF8-CEBC11AA821B}.Debug|x64.ActiveCfg = Debug|x64
		{6F45CE54-4755-347E-AFF8-CEBC11AA821B}.Debug|x64.Build.0 = Debug|x64
		{6F45CE54-4755-347E-AFF8-CEBC11AA821B}.Release|x64.ActiveCfg = Release|x64
		{6F45CE54-4755-347E-AFF8-CEBC11AA821B}.Release|x64.Build.0 = Release|x64
		{6F45CE54-4755-347E-AFF8-CEBC11AA821B}.MinSizeRel|x64.ActiveCfg = MinSizeRel|x64
		{6F45CE54-4755-347E-AFF8-CEBC11AA821B}.MinSizeRel|x64.Build.0 = MinSizeRel|x64
		{6F45CE54-4755-347E-AFF8-CEBC11AA821B}.RelWithDebInfo|x64.ActiveCfg = RelWithDebInfo|x64
		{6F45CE54-4755-347E-AFF8-CEBC11AA821B}.RelWithDebInfo|x64.Build.0 = RelWithDebInfo|x64
		{B1E79808-F065-32D4-8C7B-4ACE910D60F8}.Debug|x64.ActiveCfg = Debug|x64
		{B1E79808-F065-32D4-8C7B-4ACE910D60F8}.Debug|x64.Build.0 = Debug|x64
		{B1E79808-F065-32D4-8C7B-4ACE910D60F8}.Release|x64.ActiveCfg = Release|x64
		{B1E79808-F065-32D4-8C7B-4ACE910D60F8}.Release|x64.Build.0 = Release|x64
		{B1E79808-F065-32D4-8C7B-4ACE910D60F8}.MinSizeRel|x64.ActiveCfg = MinSizeRel|x64
		{B1E79808-F065-32D4-8C7B-4ACE910D60F8}.MinSizeRel|x64.Build.0 = MinSizeRel|x64
		{B1E79808-F065-32D4-8C7B-4ACE910D60F8}.RelWithDebInfo|x64.ActiveCfg = RelWithDebInfo|x64
		{B1E79808-F065-32D4-8C7B-4ACE910D60F8}.RelWithDebInfo|x64.Build.0 = RelWithDebInfo|x64
		{19FC4094-EC94-3D33-8D04-31BED3CAC9AC}.Debug|x64.ActiveCfg = Debug|x64
		{19FC4094-EC94-3D33-8D04-31BED3CAC9AC}.Debug|x64.Build.0 = Debug|x64
		{19FC4094-EC94-3D33-8D04-31BED3CAC9AC}.Release|x64.ActiveCfg = Release|x64
		{19FC4094-EC94-3D33-8D04-31BED3CAC9AC}.Release|x64.Build.0 = Release|x64
		{19FC4094-EC94-3D33-8D04-31BED3CAC9AC}.MinSizeRel|x64.ActiveCfg = MinSizeRel|x64
		{19FC4094-EC94-3D33-8D04-31BED3CAC9AC}.MinSizeRel|x64.Build.0 = MinSizeRel|x64
		{19FC4094-EC94-3D33-8D04-31BED3CAC9AC}.RelWithDebInfo|x64.ActiveCfg = RelWithDebInfo|x64
		{19FC4094-EC94-3D33-8D04-31BED3CAC9AC}.RelWithDebInfo|x64.Build.0 = RelWithDebInfo|x64
		{5A08BA06-C148-3DD7-9C2C-924852711792}.Debug|x64.ActiveCfg = Debug|x64
		{5A08BA06-C148-3DD7-9C2C-924852711792}.Debug|x64.Build.0 = Debug|x64
		{5A08BA06-C148-3DD7-9C2C-924852711792}.Release|x64.ActiveCfg = Release|x64
		{5A08BA06-C148-3DD7-9C2C-924852711792}.Release|x64.Build.0 = Release|x64
		{5A08BA06-C148-3DD7-9C2C-924852711792}.MinSizeRel|x64.ActiveCfg = MinSizeRel|x64
		{5A08BA06-C148-3DD7-9C2C-924852711792}.MinSizeRel|x64.Build.0 = MinSizeRel|x64
		{5A08BA06-C148-3DD7-9C2C-924852711792}.RelWithDebInfo|x64.ActiveCfg = RelWithDebInfo|x64
		{5A08BA06-C148-3DD7-9C2C-924852711792}.RelWithDebInfo|x64.Build.0 = RelWithDebInfo|x64
		{3C3FB7ED-0241-30E2-BF2C-0F7997EC9349}.Debug|x64.ActiveCfg = Debug|x64
		{3C3FB7ED-0241-30E2-BF2C-0F7997EC9349}.Debug|x64.Build.0 = Debug|x64
		{3C3FB7ED-0241-30E2-BF2C-0F7997EC9349}.Release|x64.ActiveCfg = Release|x64
		{3C3FB7ED-0241-30E2-BF2C-0F7997EC9349}.Release|x64.Build.0 = Release|x64
		{3C3FB7ED-0241-30E2-BF2C-0F7997EC9349}.MinSizeRel|x64.ActiveCfg = MinSizeRel|x64
		{3C3FB7ED-0241-30E2-BF2C-0F7997EC9349}.MinSizeRel|x64.Build.0 = MinSizeRel|x64
		{3C3FB7ED-0241-30E2-BF2C-0F7997EC9349}.RelWithDebInfo|x64.ActiveCfg = RelWithDebInfo|x64
		{3C3FB7ED-0241-30E2-BF2C-0F7997EC9349}.RelWithDebInfo|x64.Build.0 = RelWithDebInfo|x64
		{AC4C79FE-405B-3FF0-852A-291A53A4FACE}.Debug|x64.ActiveCfg = Debug|x64
		{AC4C79FE-405B-3FF0-852A-291A53A4FACE}.Debug|x64.Build.0 = Debug|x64
		{AC4C79FE-405B-3FF0-852A-291A53A4FACE}.Release|x64.ActiveCfg = Release|x64
		{AC4C79FE-405B-3FF0-852A-291A53A4FACE}.Release|x64.Build.0 = Release|x64
		{AC4C79FE-405B-3FF0-852A-291A53A4FACE}.MinSizeRel|x64.ActiveCfg = MinSizeRel|x64
		{AC4C79FE-405B-3FF0-852A-291A53A4FACE}.MinSizeRel|x64.Build.0 = MinSizeRel|x64
		{AC4C79FE-405B-3FF0-852A-291A53A4FACE}.RelWithDebInfo|x64.ActiveCfg = RelWithDebInfo|x64
		{AC4C79FE-405B-3FF0-852A-291A53A4FACE}.RelWithDebInfo|x64.Build.0 = RelWithDebInfo|x64
		{A050DD79-B076-3908-9DA4-60C8CF0BCCC7}.Debug|x64.ActiveCfg = Debug|x64
		{A050DD79-B076-3908-9DA4-60C8CF0BCCC7}.Debug|x64.Build.0 = Debug|x64
		{A050DD79-B076-3908-9DA4-60C8CF0BCCC7}.Release|x64.ActiveCfg = Release|x64
		{A050DD79-B076-3908-9DA4-60C8CF0BCCC7}.Release|x64.Build.0 = Release|x64
		{A050DD79-B076-3908-9DA4-60C8CF0BCCC7}.MinSizeRel|x64.ActiveCfg = MinSizeRel|x64
		{A050DD79-B076-3908-9DA4-60C8CF0BCCC7}.MinSizeRel|x64.Build.0 = MinSizeRel|x64
		{A050DD79-B076-3908-9DA4-60C8CF0BCCC7}.RelWithDebInfo|x64.ActiveCfg = RelWithDebInfo|x64
		{A050DD79-B076-3908-9DA4-60C8CF0BCCC7}.RelWithDebInfo|x64.Build.0 = RelWithDebInfo|x64
		{4F93FD58-375D-39F4-88BC-471363FFBBE3}.Debug|x64.ActiveCfg = Debug|x64
		{4F93FD58-375D-39F4-88BC-471363FFBBE3}.Debug|x64.Build.0 = Debug|x64
		{4F93FD58-375D-39F4-88BC-471363FFBBE3}.Release|x64.ActiveCfg = Release|x64
		{4F93FD58-375D-39F4-88BC-471363FFBBE3}.Release|x64.Build.0 = Release|x64
		{4F93FD58-375D-39F4-88BC-471363FFBBE3}.MinSizeRel|x64.ActiveCfg = MinSizeRel|x64
		{4F93FD58-375D-39F4-88BC-471363FFBBE3}.MinSizeRel|x64.Build.0 = MinSizeRel|x64
		{4F93FD58-375D-39F4-88BC-471363FFBBE3}.RelWithDebInfo|x64.ActiveCfg = RelWithDebInfo|x64
		{4F93FD58-375D-39F4-88BC-471363FFBBE3}.RelWithDebInfo|x64.Build.0 = RelWithDebInfo|x64
		{168534B3-F2B1-384D-B283-93E1626EC15F}.Debug|x64.ActiveCfg = Debug|x64
		{168534B3-F2B1-384D-B283-93E1626EC15F}.Debug|x64.Build.0 = Debug|x64
		{168534B3-F2B1-384D-B283-93E1626EC15F}.Release|x64.ActiveCfg = Release|x64
		{168534B3-F2B1-384D-B283-93E1626EC15F}.Release|x64.Build.0 = Release|x64
		{168534B3-F2B1-384D-B283-93E1626EC15F}.MinSizeRel|x64.ActiveCfg = MinSizeRel|x64
		{168534B3-F2B1-384D-B283-93E1626EC15F}.MinSizeRel|x64.Build.0 = MinSizeRel|x64
		{168534B3-F2B1-384D-B283-93E1626EC15F}.RelWithDebInfo|x64.ActiveCfg = RelWithDebInfo|x64
		{168534B3-F2B1-384D-B283-93E1626EC15F}.RelWithDebInfo|x64.Build.0 = RelWithDebInfo|x64
		{47B0B101-7D02-37EF-89B4-A2F6DDBAE8AA}.Debug|x64.ActiveCfg = Debug|x64
		{47B0B101-7D02-37EF-89B4-A2F6DDBAE8AA}.Debug|x64.Build.0 = Debug|x64
		{47B0B101-7D02-37EF-89B4-A2F6DDBAE8AA}.Release|x64.ActiveCfg = Release|x64
		{47B0B101-7D02-37EF-89B4-A2F6DDBAE8AA}.Release|x64.Build.0 = Release|x64
		{47B0B101-7D02-37EF-89B4-A2F6DDBAE8AA}.MinSizeRel|x64.ActiveCfg = MinSizeRel|x64
		{47B0B101-7D02-37EF-89B4-A2F6DDBAE8AA}.MinSizeRel|x64.Build.0 = MinSizeRel|x64
		{47B0B101-7D02-37EF-89B4-A2F6DDBAE8AA}.RelWithDebInfo|x64.ActiveCfg = RelWithDebInfo|x64
		{47B0B101-7D02-37EF-89B4-A2F6DDBAE8AA}.RelWithDebInfo|x64.Build.0 = RelWithDebInfo|x64
		{979D113F-6722-3923-93EA-9F4D3650B41B}.Debug|x64.ActiveCfg = Debug|x64
		{979D113F-6722-3923-93EA-9F4D3650B41B}.Debug|x64.Build.0 = Debug|x64
		{979D113F-6722-3923-93EA-9F4D3650B41B}.Release|x64.ActiveCfg = Release|x64
		{979D113F-6722-3923-93EA-9F4D3650B41B}.Release|x64.Build.0 = Release|x64
		{979D113F-6722-3923-93EA-9F4D3650B41B}.MinSizeRel|x64.ActiveCfg = MinSizeRel|x64
		{979D113F-6722-3923-93EA-9F4D3650B41B}.MinSizeRel|x64.Build.0 = MinSizeRel|x64
		{979D113F-6722-3923-93EA-9F4D3650B41B}.RelWithDebInfo|x64.ActiveCfg = RelWithDebInfo|x64
		{979D113F-6722-3923-93EA-9F4D3650B41B}.RelWithDebInfo|x64.Build.0 = RelWithDebInfo|x64
		{934A3E1F-FFBC-3514-890E-0857EC197316}.Debug|x64.ActiveCfg = Debug|x64
		{934A3E1F-FFBC-3514-890E-0857EC197316}.Debug|x64.Build.0 = Debug|x64
		{934A3E1F-FFBC-3514-890E-0857EC197316}.Release|x64.ActiveCfg = Release|x64
		{934A3E1F-FFBC-3514-890E-0857EC197316}.Release|x64.Build.0 = Release|x64
		{934A3E1F-FFBC-3514-890E-0857EC197316}.MinSizeRel|x64.ActiveCfg = MinSizeRel|x64
		{934A3E1F-FFBC-3514-890E-0857EC197316}.MinSizeRel|x64.Build.0 = MinSizeRel|x64
		{934A3E1F-FFBC-3514-890E-0857EC197316}.RelWithDebInfo|x64.ActiveCfg = RelWithDebInfo|x64
		{934A3E1F-FFBC-3514-890E-0857EC197316}.RelWithDebInfo|x64.Build.0 = RelWithDebInfo|x64
		{FB93D594-FC4F-3492-9580-2BDE95C1A4AC}.Debug|x64.ActiveCfg = Debug|x64
		{FB93D594-FC4F-3492-9580-2BDE95C1A4AC}.Debug|x64.Build.0 = Debug|x64
		{FB93D594-FC4F-3492-9580-2BDE95C1A4AC}.Release|x64.ActiveCfg = Release|x64
		{FB93D594-FC4F-3492-9580-2BDE95C1A4AC}.Release|x64.Build.0 = Release|x64
		{FB93D594-FC4F-3492-9580-2BDE95C1A4AC}.MinSizeRel|x64.ActiveCfg = MinSizeRel|x64
		{FB93D594-FC4F-3492-9580-2BDE95C1A4AC}.MinSizeRel|x64.Build.0 = MinSizeRel|x64
		{FB93D594-FC4F-3492-9580-2BDE95C1A4AC}.RelWithDebInfo|x64.ActiveCfg = RelWithDebInfo|x64
		{FB93D594-FC4F-3492-9580-2BDE95C1A4AC}.RelWithDebInfo|x64.Build.0 = RelWithDebInfo|x64
		{46E045DA-80D3-348A-BEA5-F351940E373C}.Debug|x64.ActiveCfg = Debug|x64
		{46E045DA-80D3-348A-BEA5-F351940E373C}.Debug|x64.Build.0 = Debug|x64
		{46E045DA-80D3-348A-BEA5-F351940E373C}.Release|x64.ActiveCfg = Release|x64
		{46E045DA-80D3-348A-BEA5-F351940E373C}.Release|x64.Build.0 = Release|x64
		{46E045DA-80D3-348A-BEA5-F351940E373C}.MinSizeRel|x64.ActiveCfg = MinSizeRel|x64
		{46E045DA-80D3-348A-BEA5-F351940E373C}.MinSizeRel|x64.Build.0 = MinSizeRel|x64
		{46E045DA-80D3-348A-BEA5-F351940E373C}.RelWithDebInfo|x64.ActiveCfg = RelWithDebInfo|x64
		{46E045DA-80D3-348A-BEA5-F351940E373C}.RelWithDebInfo|x64.Build.0 = RelWithDebInfo|x64
		{ACB21497-0E55-3FB1-A976-E63A81E84A7C}.Debug|x64.ActiveCfg = Debug|x64
		{ACB21497-0E55-3FB1-A976-E63A81E84A7C}.Debug|x64.Build.0 = Debug|x64
		{ACB21497-0E55-3FB1-A976-E63A81E84A7C}.Release|x64.ActiveCfg = Release|x64
		{ACB21497-0E55-3FB1-A976-E63A81E84A7C}.Release|x64.Build.0 = Release|x64
		{ACB21497-0E55-3FB1-A976-E63A81E84A7C}.MinSizeRel|x64.ActiveCfg = MinSizeRel|x64
		{ACB21497-0E55-3FB1-A976-E63A81E84A7C}.MinSizeRel|x64.Build.0 = MinSizeRel|x64
		{ACB21497-0E55-3FB1-A976-E63A81E84A7C}.RelWithDebInfo|x64.ActiveCfg = RelWithDebInfo|x64
		{ACB21497-0E55-3FB1-A976-E63A81E84A7C}.RelWithDebInfo|x64.Build.0 = RelWithDebInfo|x64
		{2E7525DC-2340-3C71-828E-1A775D5551BD}.Debug|x64.ActiveCfg = Debug|x64
		{2E7525DC-2340-3C71-828E-1A775D5551BD}.Debug|x64.Build.0 = Debug|x64
		{2E7525DC-2340-3C71-828E-1A775D5551BD}.Release|x64.ActiveCfg = Release|x64
		{2E7525DC-2340-3C71-828E-1A775D5551BD}.Release|x64.Build.0 = Release|x64
		{2E7525DC-2340-3C71-828E-1A775D5551BD}.MinSizeRel|x64.ActiveCfg = MinSizeRel|x64
		{2E7525DC-2340-3C71-828E-1A775D5551BD}.MinSizeRel|x64.Build.0 = MinSizeRel|x64
		{2E7525DC-2340-3C71-828E-1A775D5551BD}.RelWithDebInfo|x64.ActiveCfg = RelWithDebInfo|x64
		{2E7525DC-2340-3C71-828E-1A775D5551BD}.RelWithDebInfo|x64.Build.0 = RelWithDebInfo|x64
		{9A336B84-4289-39CE-ACF7-FD59346F6736}.Debug|x64.ActiveCfg = Debug|x64
		{9A336B84-4289-39CE-ACF7-FD59346F6736}.Debug|x64.Build.0 = Debug|x64
		{9A336B84-4289-39CE-ACF7-FD59346F6736}.Release|x64.ActiveCfg = Release|x64
		{9A336B84-4289-39CE-ACF7-FD59346F6736}.Release|x64.Build.0 = Release|x64
		{9A336B84-4289-39CE-ACF7-FD59346F6736}.MinSizeRel|x64.ActiveCfg = MinSizeRel|x64
		{9A336B84-4289-39CE-ACF7-FD59346F6736}.MinSizeRel|x64.Build.0 = MinSizeRel|x64
		{9A336B84-4289-39CE-ACF7-FD59346F6736}.RelWithDebInfo|x64.ActiveCfg = RelWithDebInfo|x64
		{9A336B84-4289-39CE-ACF7-FD59346F6736}.RelWithDebInfo|x64.Build.0 = RelWithDebInfo|x64
		{75CC1B82-1BE0-3349-B522-A45F7BA3BDA6}.Debug|x64.ActiveCfg = Debug|x64
		{75CC1B82-1BE0-3349-B522-A45F7BA3BDA6}.Debug|x64.Build.0 = Debug|x64
		{75CC1B82-1BE0-3349-B522-A45F7BA3BDA6}.Release|x64.ActiveCfg = Release|x64
		{75CC1B82-1BE0-3349-B522-A45F7BA3BDA6}.Release|x64.Build.0 = Release|x64
		{75CC1B82-1BE0-3349-B522-A45F7BA3BDA6}.MinSizeRel|x64.ActiveCfg = MinSizeRel|x64
		{75CC1B82-1BE0-3349-B522-A45F7BA3BDA6}.MinSizeRel|x64.Build.0 = MinSizeRel|x64
		{75CC1B82-1BE0-3349-B522-A45F7BA3BDA6}.RelWithDebInfo|x64.ActiveCfg = RelWithDebInfo|x64
		{75CC1B82-1BE0-3349-B522-A45F7BA3BDA6}.RelWithDebInfo|x64.Build.0 = RelWithDebInfo|x64
		{CFFCC4D6-D873-3606-BA55-7D2CC1B87B05}.Debug|x64.ActiveCfg = Debug|x64
		{CFFCC4D6-D873-3606-BA55-7D2CC1B87B05}.Debug|x64.Build.0 = Debug|x64
		{CFFCC4D6-D873-3606-BA55-7D2CC1B87B05}.Release|x64.ActiveCfg = Release|x64
		{CFFCC4D6-D873-3606-BA55-7D2CC1B87B05}.Release|x64.Build.0 = Release|x64
		{CFFCC4D6-D873-3606-BA55-7D2CC1B87B05}.MinSizeRel|x64.ActiveCfg = MinSizeRel|x64
		{CFFCC4D6-D873-3606-BA55-7D2CC1B87B05}.MinSizeRel|x64.Build.0 = MinSizeRel|x64
		{CFFCC4D6-D873-3606-BA55-7D2CC1B87B05}.RelWithDebInfo|x64.ActiveCfg = RelWithDebInfo|x64
		{CFFCC4D6-D873-3606-BA55-7D2CC1B87B05}.RelWithDebInfo|x64.Build.0 = RelWithDebInfo|x64
		{65AB6E2C-55AD-39F8-91CF-E1ACA0DAD46D}.Debug|x64.ActiveCfg = Debug|x64
		{65AB6E2C-55AD-39F8-91CF-E1ACA0DAD46D}.Debug|x64.Build.0 = Debug|x64
		{65AB6E2C-55AD-39F8-91CF-E1ACA0DAD46D}.Release|x64.ActiveCfg = Release|x64
		{65AB6E2C-55AD-39F8-91CF-E1ACA0DAD46D}.Release|x64.Build.0 = Release|x64
		{65AB6E2C-55AD-39F8-91CF-E1ACA0DAD46D}.MinSizeRel|x64.ActiveCfg = MinSizeRel|x64
		{65AB6E2C-55AD-39F8-91CF-E1ACA0DAD46D}.MinSizeRel|x64.Build.0 = MinSizeRel|x64
		{65AB6E2C-55AD-39F8-91CF-E1ACA0DAD46D}.RelWithDebInfo|x64.ActiveCfg = RelWithDebInfo|x64
		{65AB6E2C-55AD-39F8-91CF-E1ACA0DAD46D}.RelWithDebInfo|x64.Build.0 = RelWithDebInfo|x64
		{D0F21922-6759-3D59-A01A-21B8F0BEA4D8}.Debug|x64.ActiveCfg = Debug|x64
		{D0F21922-6759-3D59-A01A-21B8F0BEA4D8}.Debug|x64.Build.0 = Debug|x64
		{D0F21922-6759-3D59-A01A-21B8F0BEA4D8}.Release|x64.ActiveCfg = Release|x64
		{D0F21922-6759-3D59-A01A-21B8F0BEA4D8}.Release|x64.Build.0 = Release|x64
		{D0F21922-6759-3D59-A01A-21B8F0BEA4D8}.MinSizeRel|x64.ActiveCfg = MinSizeRel|x64
		{D0F21922-6759-3D59-A01A-21B8F0BEA4D8}.MinSizeRel|x64.Build.0 = MinSizeRel|x64
		{D0F21922-6759-3D59-A01A-21B8F0BEA4D8}.RelWithDebInfo|x64.ActiveCfg = RelWithDebInfo|x64
		{D0F21922-6759-3D59-A01A-21B8F0BEA4D8}.RelWithDebInfo|x64.Build.0 = RelWithDebInfo|x64
		{65533086-EF60-3BD0-A194-A42A255774F2}.Debug|x64.ActiveCfg = Debug|x64
		{65533086-EF60-3BD0-A194-A42A255774F2}.Debug|x64.Build.0 = Debug|x64
		{65533086-EF60-3BD0-A194-A42A255774F2}.Release|x64.ActiveCfg = Release|x64
		{65533086-EF60-3BD0-A194-A42A255774F2}.Release|x64.Build.0 = Release|x64
		{65533086-EF60-3BD0-A194-A42A255774F2}.MinSizeRel|x64.ActiveCfg = MinSizeRel|x64
		{65533086-EF60-3BD0-A194-A42A255774F2}.MinSizeRel|x64.Build.0 = MinSizeRel|x64
		{65533086-EF60-3BD0-A194-A42A255774F2}.RelWithDebInfo|x64.ActiveCfg = RelWithDebInfo|x64
		{65533086-EF60-3BD0-A194-A42A255774F2}.RelWithDebInfo|x64.Build.0 = RelWithDebInfo|x64
		{8CBC925A-F560-3995-B4FE-6BB090BD1F6F}.Debug|x64.ActiveCfg = Debug|x64
		{8CBC925A-F560-3995-B4FE-6BB090BD1F6F}.Debug|x64.Build.0 = Debug|x64
		{8CBC925A-F560-3995-B4FE-6BB090BD1F6F}.Release|x64.ActiveCfg = Release|x64
		{8CBC925A-F560-3995-B4FE-6BB090BD1F6F}.Release|x64.Build.0 = Release|x64
		{8CBC925A-F560-3995-B4FE-6BB090BD1F6F}.MinSizeRel|x64.ActiveCfg = MinSizeRel|x64
		{8CBC925A-F560-3995-B4FE-6BB090BD1F6F}.MinSizeRel|x64.Build.0 = MinSizeRel|x64
		{8CBC925A-F560-3995-B4FE-6BB090BD1F6F}.RelWithDebInfo|x64.ActiveCfg = RelWithDebInfo|x64
		{8CBC925A-F560-3995-B4FE-6BB090BD1F6F}.RelWithDebInfo|x64.Build.0 = RelWithDebInfo|x64
		{4B1467DC-6AD8-3E8A-90A3-3A1C245ECC7E}.Debug|x64.ActiveCfg = Debug|x64
		{4B1467DC-6AD8-3E8A-90A3-3A1C245ECC7E}.Debug|x64.Build.0 = Debug|x64
		{4B1467DC-6AD8-3E8A-90A3-3A1C245ECC7E}.Release|x64.ActiveCfg = Release|x64
		{4B1467DC-6AD8-3E8A-90A3-3A1C245ECC7E}.Release|x64.Build.0 = Release|x64
		{4B1467DC-6AD8-3E8A-90A3-3A1C245ECC7E}.MinSizeRel|x64.ActiveCfg = MinSizeRel|x64
		{4B1467DC-6AD8-3E8A-90A3-3A1C245ECC7E}.MinSizeRel|x64.Build.0 = MinSizeRel|x64
		{4B1467DC-6AD8-3E8A-90A3-3A1C245ECC7E}.RelWithDebInfo|x64.ActiveCfg = RelWithDebInfo|x64
		{4B1467DC-6AD8-3E8A-90A3-3A1C245ECC7E}.RelWithDebInfo|x64.Build.0 = RelWithDebInfo|x64
		{E00F3FA2-53FE-32C6-9367-6EC775F30244}.Debug|x64.ActiveCfg = Debug|x64
		{E00F3FA2-53FE-32C6-9367-6EC775F30244}.Debug|x64.Build.0 = Debug|x64
		{E00F3FA2-53FE-32C6-9367-6EC775F30244}.Release|x64.ActiveCfg = Release|x64
		{E00F3FA2-53FE-32C6-9367-6EC775F30244}.Release|x64.Build.0 = Release|x64
		{E00F3FA2-53FE-32C6-9367-6EC775F30244}.MinSizeRel|x64.ActiveCfg = MinSizeRel|x64
		{E00F3FA2-53FE-32C6-9367-6EC775F30244}.MinSizeRel|x64.Build.0 = MinSizeRel|x64
		{E00F3FA2-53FE-32C6-9367-6EC775F30244}.RelWithDebInfo|x64.ActiveCfg = RelWithDebInfo|x64
		{E00F3FA2-53FE-32C6-9367-6EC775F30244}.RelWithDebInfo|x64.Build.0 = RelWithDebInfo|x64
		{D6B4BC1B-5E14-3C4D-A97C-ABEDC8A60838}.Debug|x64.ActiveCfg = Debug|x64
		{D6B4BC1B-5E14-3C4D-A97C-ABEDC8A60838}.Debug|x64.Build.0 = Debug|x64
		{D6B4BC1B-5E14-3C4D-A97C-ABEDC8A60838}.Release|x64.ActiveCfg = Release|x64
		{D6B4BC1B-5E14-3C4D-A97C-ABEDC8A60838}.Release|x64.Build.0 = Release|x64
		{D6B4BC1B-5E14-3C4D-A97C-ABEDC8A60838}.MinSizeRel|x64.ActiveCfg = MinSizeRel|x64
		{D6B4BC1B-5E14-3C4D-A97C-ABEDC8A60838}.MinSizeRel|x64.Build.0 = MinSizeRel|x64
		{D6B4BC1B-5E14-3C4D-A97C-ABEDC8A60838}.RelWithDebInfo|x64.ActiveCfg = RelWithDebInfo|x64
		{D6B4BC1B-5E14-3C4D-A97C-ABEDC8A60838}.RelWithDebInfo|x64.Build.0 = RelWithDebInfo|x64
		{015B83BB-986A-34E8-9E1F-953619203804}.Debug|x64.ActiveCfg = Debug|x64
		{015B83BB-986A-34E8-9E1F-953619203804}.Debug|x64.Build.0 = Debug|x64
		{015B83BB-986A-34E8-9E1F-953619203804}.Release|x64.ActiveCfg = Release|x64
		{015B83BB-986A-34E8-9E1F-953619203804}.Release|x64.Build.0 = Release|x64
		{015B83BB-986A-34E8-9E1F-953619203804}.MinSizeRel|x64.ActiveCfg = MinSizeRel|x64
		{015B83BB-986A-34E8-9E1F-953619203804}.MinSizeRel|x64.Build.0 = MinSizeRel|x64
		{015B83BB-986A-34E8-9E1F-953619203804}.RelWithDebInfo|x64.ActiveCfg = RelWithDebInfo|x64
		{015B83BB-986A-34E8-9E1F-953619203804}.RelWithDebInfo|x64.Build.0 = RelWithDebInfo|x64
		{78EE17DE-F8EB-366C-B9B5-2678AD9EA847}.Debug|x64.ActiveCfg = Debug|x64
		{78EE17DE-F8EB-366C-B9B5-2678AD9EA847}.Debug|x64.Build.0 = Debug|x64
		{78EE17DE-F8EB-366C-B9B5-2678AD9EA847}.Release|x64.ActiveCfg = Release|x64
		{78EE17DE-F8EB-366C-B9B5-2678AD9EA847}.Release|x64.Build.0 = Release|x64
		{78EE17DE-F8EB-366C-B9B5-2678AD9EA847}.MinSizeRel|x64.ActiveCfg = MinSizeRel|x64
		{78EE17DE-F8EB-366C-B9B5-2678AD9EA847}.MinSizeRel|x64.Build.0 = MinSizeRel|x64
		{78EE17DE-F8EB-366C-B9B5-2678AD9EA847}.RelWithDebInfo|x64.ActiveCfg = RelWithDebInfo|x64
		{78EE17DE-F8EB-366C-B9B5-2678AD9EA847}.RelWithDebInfo|x64.Build.0 = RelWithDebInfo|x64
		{6B66DF74-37D2-3F49-BF70-2E80A679D439}.Debug|x64.ActiveCfg = Debug|x64
		{6B66DF74-37D2-3F49-BF70-2E80A679D439}.Debug|x64.Build.0 = Debug|x64
		{6B66DF74-37D2-3F49-BF70-2E80A679D439}.Release|x64.ActiveCfg = Release|x64
		{6B66DF74-37D2-3F49-BF70-2E80A679D439}.Release|x64.Build.0 = Release|x64
		{6B66DF74-37D2-3F49-BF70-2E80A679D439}.MinSizeRel|x64.ActiveCfg = MinSizeRel|x64
		{6B66DF74-37D2-3F49-BF70-2E80A679D439}.MinSizeRel|x64.Build.0 = MinSizeRel|x64
		{6B66DF74-37D2-3F49-BF70-2E80A679D439}.RelWithDebInfo|x64.ActiveCfg = RelWithDebInfo|x64
		{6B66DF74-37D2-3F49-BF70-2E80A679D439}.RelWithDebInfo|x64.Build.0 = RelWithDebInfo|x64
		{F70F304F-63CE-3982-B8E5-CD5E5F87C9B6}.Debug|x64.ActiveCfg = Debug|x64
		{F70F304F-63CE-3982-B8E5-CD5E5F87C9B6}.Debug|x64.Build.0 = Debug|x64
		{F70F304F-63CE-3982-B8E5-CD5E5F87C9B6}.Release|x64.ActiveCfg = Release|x64
		{F70F304F-63CE-3982-B8E5-CD5E5F87C9B6}.Release|x64.Build.0 = Release|x64
		{F70F304F-63CE-3982-B8E5-CD5E5F87C9B6}.MinSizeRel|x64.ActiveCfg = MinSizeRel|x64
		{F70F304F-63CE-3982-B8E5-CD5E5F87C9B6}.MinSizeRel|x64.Build.0 = MinSizeRel|x64
		{F70F304F-63CE-3982-B8E5-CD5E5F87C9B6}.RelWithDebInfo|x64.ActiveCfg = RelWithDebInfo|x64
		{F70F304F-63CE-3982-B8E5-CD5E5F87C9B6}.RelWithDebInfo|x64.Build.0 = RelWithDebInfo|x64
		{36AC7B13-EBF2-382F-B958-4DEC1B8DFF39}.Debug|x64.ActiveCfg = Debug|x64
		{36AC7B13-EBF2-382F-B958-4DEC1B8DFF39}.Debug|x64.Build.0 = Debug|x64
		{36AC7B13-EBF2-382F-B958-4DEC1B8DFF39}.Release|x64.ActiveCfg = Release|x64
		{36AC7B13-EBF2-382F-B958-4DEC1B8DFF39}.Release|x64.Build.0 = Release|x64
		{36AC7B13-EBF2-382F-B958-4DEC1B8DFF39}.MinSizeRel|x64.ActiveCfg = MinSizeRel|x64
		{36AC7B13-EBF2-382F-B958-4DEC1B8DFF39}.MinSizeRel|x64.Build.0 = MinSizeRel|x64
		{36AC7B13-EBF2-382F-B958-4DEC1B8DFF39}.RelWithDebInfo|x64.ActiveCfg = RelWithDebInfo|x64
		{36AC7B13-EBF2-382F-B958-4DEC1B8DFF39}.RelWithDebInfo|x64.Build.0 = RelWithDebInfo|x64
		{B914104C-22F6-38F5-BF0D-B533ADD23F04}.Debug|x64.ActiveCfg = Debug|x64
		{B914104C-22F6-38F5-BF0D-B533ADD23F04}.Debug|x64.Build.0 = Debug|x64
		{B914104C-22F6-38F5-BF0D-B533ADD23F04}.Release|x64.ActiveCfg = Release|x64
		{B914104C-22F6-38F5-BF0D-B533ADD23F04}.Release|x64.Build.0 = Release|x64
		{B914104C-22F6-38F5-BF0D-B533ADD23F04}.MinSizeRel|x64.ActiveCfg = MinSizeRel|x64
		{B914104C-22F6-38F5-BF0D-B533ADD23F04}.MinSizeRel|x64.Build.0 = MinSizeRel|x64
		{B914104C-22F6-38F5-BF0D-B533ADD23F04}.RelWithDebInfo|x64.ActiveCfg = RelWithDebInfo|x64
		{B914104C-22F6-38F5-BF0D-B533ADD23F04}.RelWithDebInfo|x64.Build.0 = RelWithDebInfo|x64
		{8EF49114-62C3-353C-9163-0F4A69FBC90E}.Debug|x64.ActiveCfg = Debug|x64
		{8EF49114-62C3-353C-9163-0F4A69FBC90E}.Debug|x64.Build.0 = Debug|x64
		{8EF49114-62C3-353C-9163-0F4A69FBC90E}.Release|x64.ActiveCfg = Release|x64
		{8EF49114-62C3-353C-9163-0F4A69FBC90E}.Release|x64.Build.0 = Release|x64
		{8EF49114-62C3-353C-9163-0F4A69FBC90E}.MinSizeRel|x64.ActiveCfg = MinSizeRel|x64
		{8EF49114-62C3-353C-9163-0F4A69FBC90E}.MinSizeRel|x64.Build.0 = MinSizeRel|x64
		{8EF49114-62C3-353C-9163-0F4A69FBC90E}.RelWithDebInfo|x64.ActiveCfg = RelWithDebInfo|x64
		{8EF49114-62C3-353C-9163-0F4A69FBC90E}.RelWithDebInfo|x64.Build.0 = RelWithDebInfo|x64
	EndGlobalSection
	GlobalSection(NestedProjects) = preSolution
		{A3568EAD-F249-37FF-826A-7A9CDE98BAAA} = {5F1EF505-E677-3B6B-B4BD-03393D7661EA}
		{7EE61996-5C65-3C63-9873-42D7540ACECD} = {5F1EF505-E677-3B6B-B4BD-03393D7661EA}
		{770ED3D8-6788-3CED-BD4E-3A6949E88CE6} = {5F1EF505-E677-3B6B-B4BD-03393D7661EA}
		{E985241D-F7DB-33EB-8F59-FB16CDE368D0} = {C2835F62-2336-3CA1-A57D-8B3CF81EAC90}
		{C2A1D13F-8662-38D0-AF61-7C14FF384527} = {C2835F62-2336-3CA1-A57D-8B3CF81EAC90}
		{CD52A588-7EE7-39B9-BDCC-66141D71B1F8} = {C2835F62-2336-3CA1-A57D-8B3CF81EAC90}
		{00B97408-9D05-3178-8E71-657878705342} = {C2835F62-2336-3CA1-A57D-8B3CF81EAC90}
		{1A0E284E-0AA9-3C34-B11B-58897BDF0506} = {C2835F62-2336-3CA1-A57D-8B3CF81EAC90}
		{D87094F9-A13E-3B34-B73B-32A50043E930} = {C2835F62-2336-3CA1-A57D-8B3CF81EAC90}
		{643FA8E4-890E-379A-98C0-A27D5B94693B} = {C2835F62-2336-3CA1-A57D-8B3CF81EAC90}
		{403BF015-71D8-3572-9ACF-68107A6A617A} = {C2835F62-2336-3CA1-A57D-8B3CF81EAC90}
		{FF864411-BC22-315D-A19A-F6BBF4A02FCA} = {C2835F62-2336-3CA1-A57D-8B3CF81EAC90}
		{96B96559-C2DB-30AD-9470-33B0CF86E370} = {C2835F62-2336-3CA1-A57D-8B3CF81EAC90}
		{EAFE56F7-6A4E-388A-BD93-62442B6B3FA5} = {C2835F62-2336-3CA1-A57D-8B3CF81EAC90}
		{DF1E78BA-F3D5-36A8-8201-565946E9A6A2} = {C2835F62-2336-3CA1-A57D-8B3CF81EAC90}
		{BABAFF48-511F-3A10-B226-CE12CCFCD872} = {C2835F62-2336-3CA1-A57D-8B3CF81EAC90}
		{E74D5A21-0618-3A4D-B74B-391C13F7B84C} = {C2835F62-2336-3CA1-A57D-8B3CF81EAC90}
		{E5E65D12-ECC5-39AF-AE2D-3E921E971700} = {C2835F62-2336-3CA1-A57D-8B3CF81EAC90}
		{0B814680-4FEE-32BC-BE44-E62376A470D3} = {C2835F62-2336-3CA1-A57D-8B3CF81EAC90}
		{B31D4BF6-9032-3D07-9EC8-51C6227E6546} = {C2835F62-2336-3CA1-A57D-8B3CF81EAC90}
		{44ED9887-37C0-3B54-BCA9-3638E28AE5B9} = {C2835F62-2336-3CA1-A57D-8B3CF81EAC90}
		{6E5AA3F6-AE37-3D0A-AA88-C8D04B7CA025} = {C2835F62-2336-3CA1-A57D-8B3CF81EAC90}
		{5ECEE75B-E58B-33CC-BE22-C9932E6D01D4} = {E985241D-F7DB-33EB-8F59-FB16CDE368D0}
		{ADD39173-52B7-3EDC-8480-93CD5CE6958E} = {5ECEE75B-E58B-33CC-BE22-C9932E6D01D4}
		{6F45CE54-4755-347E-AFF8-CEBC11AA821B} = {5ECEE75B-E58B-33CC-BE22-C9932E6D01D4}
		{B1E79808-F065-32D4-8C7B-4ACE910D60F8} = {ADD39173-52B7-3EDC-8480-93CD5CE6958E}
		{79E23F78-2645-37BA-9647-2F17647B687C} = {C2A1D13F-8662-38D0-AF61-7C14FF384527}
		{19FC4094-EC94-3D33-8D04-31BED3CAC9AC} = {79E23F78-2645-37BA-9647-2F17647B687C}
		{96B7093B-15FE-3961-88F8-78294F0E40AA} = {CD52A588-7EE7-39B9-BDCC-66141D71B1F8}
		{5A08BA06-C148-3DD7-9C2C-924852711792} = {96B7093B-15FE-3961-88F8-78294F0E40AA}
		{AFC0ADB3-8087-3AF3-976D-B065E366CE30} = {00B97408-9D05-3178-8E71-657878705342}
		{3C3FB7ED-0241-30E2-BF2C-0F7997EC9349} = {AFC0ADB3-8087-3AF3-976D-B065E366CE30}
		{E03B58CB-DC18-398A-A15B-E39D0E45EFB1} = {1A0E284E-0AA9-3C34-B11B-58897BDF0506}
		{AC4C79FE-405B-3FF0-852A-291A53A4FACE} = {E03B58CB-DC18-398A-A15B-E39D0E45EFB1}
		{FB633C9A-50DF-3998-B49F-BE96B589354E} = {D87094F9-A13E-3B34-B73B-32A50043E930}
		{A050DD79-B076-3908-9DA4-60C8CF0BCCC7} = {FB633C9A-50DF-3998-B49F-BE96B589354E}
		{70B3CDF7-8BBF-397A-8F65-9B103F78464B} = {643FA8E4-890E-379A-98C0-A27D5B94693B}
		{4F93FD58-375D-39F4-88BC-471363FFBBE3} = {70B3CDF7-8BBF-397A-8F65-9B103F78464B}
		{5B6C9AD3-D4C1-3367-919E-C813B5681DAE} = {403BF015-71D8-3572-9ACF-68107A6A617A}
		{979D113F-6722-3923-93EA-9F4D3650B41B} = {5B6C9AD3-D4C1-3367-919E-C813B5681DAE}
		{13B77C6B-ABC7-336D-8FDF-2D281EB1149E} = {FF864411-BC22-315D-A19A-F6BBF4A02FCA}
		{934A3E1F-FFBC-3514-890E-0857EC197316} = {13B77C6B-ABC7-336D-8FDF-2D281EB1149E}
		{EBE5FB80-39EC-37A0-91CE-BB1E03671843} = {96B96559-C2DB-30AD-9470-33B0CF86E370}
		{46E045DA-80D3-348A-BEA5-F351940E373C} = {EBE5FB80-39EC-37A0-91CE-BB1E03671843}
		{AFBDA471-213C-3675-BE6A-0108718CA4B3} = {EAFE56F7-6A4E-388A-BD93-62442B6B3FA5}
		{ACB21497-0E55-3FB1-A976-E63A81E84A7C} = {AFBDA471-213C-3675-BE6A-0108718CA4B3}
		{5F3605F8-5C69-3FB5-850D-A9A1C4D0F373} = {DF1E78BA-F3D5-36A8-8201-565946E9A6A2}
		{2E7525DC-2340-3C71-828E-1A775D5551BD} = {5F3605F8-5C69-3FB5-850D-A9A1C4D0F373}
		{5E9F46AB-039E-3475-AE73-67DBDAD83188} = {BABAFF48-511F-3A10-B226-CE12CCFCD872}
		{9A336B84-4289-39CE-ACF7-FD59346F6736} = {5E9F46AB-039E-3475-AE73-67DBDAD83188}
		{4D9D6EEA-E95A-35AA-8D75-97B0319CBF69} = {E74D5A21-0618-3A4D-B74B-391C13F7B84C}
		{75CC1B82-1BE0-3349-B522-A45F7BA3BDA6} = {4D9D6EEA-E95A-35AA-8D75-97B0319CBF69}
		{322D583B-E45F-3585-91AA-1E35D3EEA3BF} = {E5E65D12-ECC5-39AF-AE2D-3E921E971700}
		{AAC28445-ACA1-3CF1-BF70-AA4E8445AC57} = {322D583B-E45F-3585-91AA-1E35D3EEA3BF}
		{B374B010-E993-3324-9840-5054B3ABAA42} = {322D583B-E45F-3585-91AA-1E35D3EEA3BF}
		{CFFCC4D6-D873-3606-BA55-7D2CC1B87B05} = {322D583B-E45F-3585-91AA-1E35D3EEA3BF}
		{65AB6E2C-55AD-39F8-91CF-E1ACA0DAD46D} = {AAC28445-ACA1-3CF1-BF70-AA4E8445AC57}
		{D0F21922-6759-3D59-A01A-21B8F0BEA4D8} = {B374B010-E993-3324-9840-5054B3ABAA42}
		{80C259D9-ADD6-38DA-B987-036007BE96C1} = {0B814680-4FEE-32BC-BE44-E62376A470D3}
		{8CBC925A-F560-3995-B4FE-6BB090BD1F6F} = {80C259D9-ADD6-38DA-B987-036007BE96C1}
		{596945AB-747E-3DD6-BDA6-B727DF9FD2D2} = {B31D4BF6-9032-3D07-9EC8-51C6227E6546}
		{4B1467DC-6AD8-3E8A-90A3-3A1C245ECC7E} = {596945AB-747E-3DD6-BDA6-B727DF9FD2D2}
		{D9C68555-1042-3238-B7E7-DBD34F5E0BCA} = {44ED9887-37C0-3B54-BCA9-3638E28AE5B9}
		{E00F3FA2-53FE-32C6-9367-6EC775F30244} = {D9C68555-1042-3238-B7E7-DBD34F5E0BCA}
		{8BBD8430-88FF-3F74-96FD-C26A0F9313F6} = {6E5AA3F6-AE37-3D0A-AA88-C8D04B7CA025}
		{78EE17DE-F8EB-366C-B9B5-2678AD9EA847} = {8BBD8430-88FF-3F74-96FD-C26A0F9313F6}
		{91D94C68-BC2E-3C83-82F9-5271B3CC3E76} = {67CFE906-D94B-3718-BC50-E135D98AEFE0}
		{ABCAC13B-6C67-3BD6-8856-B01E51A8027A} = {67CFE906-D94B-3718-BC50-E135D98AEFE0}
		{47B0B101-7D02-37EF-89B4-A2F6DDBAE8AA} = {91D94C68-BC2E-3C83-82F9-5271B3CC3E76}
		{6B66DF74-37D2-3F49-BF70-2E80A679D439} = {ABCAC13B-6C67-3BD6-8856-B01E51A8027A}
		{F1701D5B-6747-374B-BB96-B6D405C0B947} = {EF2DA929-58AD-37CA-8BBC-216E742267B4}
		{168534B3-F2B1-384D-B283-93E1626EC15F} = {F1701D5B-6747-374B-BB96-B6D405C0B947}
		{65533086-EF60-3BD0-A194-A42A255774F2} = {0BA210E5-EEA2-3C14-9007-70FFCC01268C}
		{485BB744-4018-32A8-AE74-0357620010FD} = {7C68790B-B46D-3937-918B-01B9C090B799}
		{263F15F2-6EE4-3C55-9B32-0CAB156C241E} = {7C68790B-B46D-3937-918B-01B9C090B799}
		{36AC7B13-EBF2-382F-B958-4DEC1B8DFF39} = {485BB744-4018-32A8-AE74-0357620010FD}
		{B914104C-22F6-38F5-BF0D-B533ADD23F04} = {485BB744-4018-32A8-AE74-0357620010FD}
		{8EF49114-62C3-353C-9163-0F4A69FBC90E} = {485BB744-4018-32A8-AE74-0357620010FD}
		{F70F304F-63CE-3982-B8E5-CD5E5F87C9B6} = {263F15F2-6EE4-3C55-9B32-0CAB156C241E}
	EndGlobalSection
	GlobalSection(ExtensibilityGlobals) = postSolution
		SolutionGuid = {FA1CD8B8-C48E-3BA9-A2B3-D3F6E9E86AA8}
	EndGlobalSection
	GlobalSection(ExtensibilityAddIns) = postSolution
	EndGlobalSection
EndGlobal
