<?xml version="1.0" encoding="utf-8"?>
<Project ToolsVersion="16.0" xmlns="http://schemas.microsoft.com/developer/msbuild/2003">
  <ItemGroup>
    <ClCompile Include="C:\Users\guoca\Desktop\RPARemoteDesktop\RDP\freerdp-2.2.0\channels\urbdrc\common\urbdrc_helpers.c">
      <Filter>Source Files</Filter>
    </ClCompile>
    <ClCompile Include="C:\Users\guoca\Desktop\RPARemoteDesktop\RDP\freerdp-2.2.0\channels\urbdrc\common\msusb.c">
      <Filter>Source Files</Filter>
    </ClCompile>
  </ItemGroup>
  <ItemGroup>
    <ClInclude Include="C:\Users\guoca\Desktop\RPARemoteDesktop\RDP\freerdp-2.2.0\channels\urbdrc\common\urbdrc_types.h">
      <Filter>Header Files</Filter>
    </ClInclude>
    <ClInclude Include="C:\Users\guoca\Desktop\RPARemoteDesktop\RDP\freerdp-2.2.0\channels\urbdrc\common\urbdrc_helpers.h">
      <Filter>Header Files</Filter>
    </ClInclude>
    <ClInclude Include="C:\Users\guoca\Desktop\RPARemoteDesktop\RDP\freerdp-2.2.0\channels\urbdrc\common\msusb.h">
      <Filter>Header Files</Filter>
    </ClInclude>
  </ItemGroup>
  <ItemGroup>
    <Filter Include="Header Files">
      <UniqueIdentifier>{E178C6F2-65D6-30DE-9274-6D64E01DE033}</UniqueIdentifier>
    </Filter>
    <Filter Include="Source Files">
      <UniqueIdentifier>{9AEEB4EE-7825-3FB8-A6DB-C2971B18A9C4}</UniqueIdentifier>
    </Filter>
  </ItemGroup>
</Project>
