
Microsoft Visual Studio Solution File, Format Version 12.00
# Visual Studio Version 16
Project("{2150E333-8FDC-42A3-9474-1A3956D46DE8}") = "CMakePredefinedTargets", "CMakePredefinedTargets", "{5F1EF505-E677-3B6B-B4BD-03393D7661EA}"
EndProject
Project("{2150E333-8FDC-42A3-9474-1A3956D46DE8}") = "WinPR", "WinPR", "{7C68790B-B46D-3937-918B-01B9C090B799}"
EndProject
Project("{2150E333-8FDC-42A3-9474-1A3956D46DE8}") = "Tools", "WinPR\Tools", "{485BB744-4018-32A8-AE74-0357620010FD}"
EndProject
Project("{2150E333-8FDC-42A3-9474-1A3956D46DE8}") = "libwinpr", "WinPR\libwinpr", "{263F15F2-6EE4-3C55-9B32-0CAB156C241E}"
EndProject
Project("{8BC9CEB8-8B4A-11D0-8D11-00A0C91BC942}") = "ALL_BUILD", "ALL_BUILD.vcxproj", "{A3568EAD-F249-37FF-826A-7A9CDE98BAAA}"
	ProjectSection(ProjectDependencies) = postProject
		{F70F304F-63CE-3982-B8E5-CD5E5F87C9B6} = {F70F304F-63CE-3982-B8E5-CD5E5F87C9B6}
		{36AC7B13-EBF2-382F-B958-4DEC1B8DFF39} = {36AC7B13-EBF2-382F-B958-4DEC1B8DFF39}
		{B914104C-22F6-38F5-BF0D-B533ADD23F04} = {B914104C-22F6-38F5-BF0D-B533ADD23F04}
		{8EF49114-62C3-353C-9163-0F4A69FBC90E} = {8EF49114-62C3-353C-9163-0F4A69FBC90E}
	EndProjectSection
EndProject
Project("{8BC9CEB8-8B4A-11D0-8D11-00A0C91BC942}") = "INSTALL", "INSTALL.vcxproj", "{7EE61996-5C65-3C63-9873-42D7540ACECD}"
	ProjectSection(ProjectDependencies) = postProject
		{A3568EAD-F249-37FF-826A-7A9CDE98BAAA} = {A3568EAD-F249-37FF-826A-7A9CDE98BAAA}
	EndProjectSection
EndProject
Project("{8BC9CEB8-8B4A-11D0-8D11-00A0C91BC942}") = "PACKAGE", "PACKAGE.vcxproj", "{770ED3D8-6788-3CED-BD4E-3A6949E88CE6}"
	ProjectSection(ProjectDependencies) = postProject
		{A3568EAD-F249-37FF-826A-7A9CDE98BAAA} = {A3568EAD-F249-37FF-826A-7A9CDE98BAAA}
	EndProjectSection
EndProject
Project("{8BC9CEB8-8B4A-11D0-8D11-00A0C91BC942}") = "winpr", "libwinpr\winpr.vcxproj", "{F70F304F-63CE-3982-B8E5-CD5E5F87C9B6}"
	ProjectSection(ProjectDependencies) = postProject
	EndProjectSection
EndProject
Project("{8BC9CEB8-8B4A-11D0-8D11-00A0C91BC942}") = "winpr-hash", "tools\hash-cli\winpr-hash.vcxproj", "{36AC7B13-EBF2-382F-B958-4DEC1B8DFF39}"
	ProjectSection(ProjectDependencies) = postProject
		{F70F304F-63CE-3982-B8E5-CD5E5F87C9B6} = {F70F304F-63CE-3982-B8E5-CD5E5F87C9B6}
	EndProjectSection
EndProject
Project("{8BC9CEB8-8B4A-11D0-8D11-00A0C91BC942}") = "winpr-makecert", "tools\makecert-cli\winpr-makecert.vcxproj", "{B914104C-22F6-38F5-BF0D-B533ADD23F04}"
	ProjectSection(ProjectDependencies) = postProject
		{F70F304F-63CE-3982-B8E5-CD5E5F87C9B6} = {F70F304F-63CE-3982-B8E5-CD5E5F87C9B6}
		{8EF49114-62C3-353C-9163-0F4A69FBC90E} = {8EF49114-62C3-353C-9163-0F4A69FBC90E}
	EndProjectSection
EndProject
Project("{8BC9CEB8-8B4A-11D0-8D11-00A0C91BC942}") = "winpr-tools", "tools\winpr-tools.vcxproj", "{8EF49114-62C3-353C-9163-0F4A69FBC90E}"
	ProjectSection(ProjectDependencies) = postProject
		{F70F304F-63CE-3982-B8E5-CD5E5F87C9B6} = {F70F304F-63CE-3982-B8E5-CD5E5F87C9B6}
	EndProjectSection
EndProject
Global
	GlobalSection(SolutionConfigurationPlatforms) = preSolution
		Debug|x64 = Debug|x64
		Release|x64 = Release|x64
		MinSizeRel|x64 = MinSizeRel|x64
		RelWithDebInfo|x64 = RelWithDebInfo|x64
	EndGlobalSection
	GlobalSection(ProjectConfigurationPlatforms) = postSolution
		{A3568EAD-F249-37FF-826A-7A9CDE98BAAA}.Debug|x64.ActiveCfg = Debug|x64
		{A3568EAD-F249-37FF-826A-7A9CDE98BAAA}.Debug|x64.Build.0 = Debug|x64
		{A3568EAD-F249-37FF-826A-7A9CDE98BAAA}.Release|x64.ActiveCfg = Release|x64
		{A3568EAD-F249-37FF-826A-7A9CDE98BAAA}.Release|x64.Build.0 = Release|x64
		{A3568EAD-F249-37FF-826A-7A9CDE98BAAA}.MinSizeRel|x64.ActiveCfg = MinSizeRel|x64
		{A3568EAD-F249-37FF-826A-7A9CDE98BAAA}.MinSizeRel|x64.Build.0 = MinSizeRel|x64
		{A3568EAD-F249-37FF-826A-7A9CDE98BAAA}.RelWithDebInfo|x64.ActiveCfg = RelWithDebInfo|x64
		{A3568EAD-F249-37FF-826A-7A9CDE98BAAA}.RelWithDebInfo|x64.Build.0 = RelWithDebInfo|x64
		{7EE61996-5C65-3C63-9873-42D7540ACECD}.Debug|x64.ActiveCfg = Debug|x64
		{7EE61996-5C65-3C63-9873-42D7540ACECD}.Release|x64.ActiveCfg = Release|x64
		{7EE61996-5C65-3C63-9873-42D7540ACECD}.MinSizeRel|x64.ActiveCfg = MinSizeRel|x64
		{7EE61996-5C65-3C63-9873-42D7540ACECD}.RelWithDebInfo|x64.ActiveCfg = RelWithDebInfo|x64
		{770ED3D8-6788-3CED-BD4E-3A6949E88CE6}.Debug|x64.ActiveCfg = Debug|x64
		{770ED3D8-6788-3CED-BD4E-3A6949E88CE6}.Release|x64.ActiveCfg = Release|x64
		{770ED3D8-6788-3CED-BD4E-3A6949E88CE6}.MinSizeRel|x64.ActiveCfg = MinSizeRel|x64
		{770ED3D8-6788-3CED-BD4E-3A6949E88CE6}.RelWithDebInfo|x64.ActiveCfg = RelWithDebInfo|x64
		{F70F304F-63CE-3982-B8E5-CD5E5F87C9B6}.Debug|x64.ActiveCfg = Debug|x64
		{F70F304F-63CE-3982-B8E5-CD5E5F87C9B6}.Debug|x64.Build.0 = Debug|x64
		{F70F304F-63CE-3982-B8E5-CD5E5F87C9B6}.Release|x64.ActiveCfg = Release|x64
		{F70F304F-63CE-3982-B8E5-CD5E5F87C9B6}.Release|x64.Build.0 = Release|x64
		{F70F304F-63CE-3982-B8E5-CD5E5F87C9B6}.MinSizeRel|x64.ActiveCfg = MinSizeRel|x64
		{F70F304F-63CE-3982-B8E5-CD5E5F87C9B6}.MinSizeRel|x64.Build.0 = MinSizeRel|x64
		{F70F304F-63CE-3982-B8E5-CD5E5F87C9B6}.RelWithDebInfo|x64.ActiveCfg = RelWithDebInfo|x64
		{F70F304F-63CE-3982-B8E5-CD5E5F87C9B6}.RelWithDebInfo|x64.Build.0 = RelWithDebInfo|x64
		{36AC7B13-EBF2-382F-B958-4DEC1B8DFF39}.Debug|x64.ActiveCfg = Debug|x64
		{36AC7B13-EBF2-382F-B958-4DEC1B8DFF39}.Debug|x64.Build.0 = Debug|x64
		{36AC7B13-EBF2-382F-B958-4DEC1B8DFF39}.Release|x64.ActiveCfg = Release|x64
		{36AC7B13-EBF2-382F-B958-4DEC1B8DFF39}.Release|x64.Build.0 = Release|x64
		{36AC7B13-EBF2-382F-B958-4DEC1B8DFF39}.MinSizeRel|x64.ActiveCfg = MinSizeRel|x64
		{36AC7B13-EBF2-382F-B958-4DEC1B8DFF39}.MinSizeRel|x64.Build.0 = MinSizeRel|x64
		{36AC7B13-EBF2-382F-B958-4DEC1B8DFF39}.RelWithDebInfo|x64.ActiveCfg = RelWithDebInfo|x64
		{36AC7B13-EBF2-382F-B958-4DEC1B8DFF39}.RelWithDebInfo|x64.Build.0 = RelWithDebInfo|x64
		{B914104C-22F6-38F5-BF0D-B533ADD23F04}.Debug|x64.ActiveCfg = Debug|x64
		{B914104C-22F6-38F5-BF0D-B533ADD23F04}.Debug|x64.Build.0 = Debug|x64
		{B914104C-22F6-38F5-BF0D-B533ADD23F04}.Release|x64.ActiveCfg = Release|x64
		{B914104C-22F6-38F5-BF0D-B533ADD23F04}.Release|x64.Build.0 = Release|x64
		{B914104C-22F6-38F5-BF0D-B533ADD23F04}.MinSizeRel|x64.ActiveCfg = MinSizeRel|x64
		{B914104C-22F6-38F5-BF0D-B533ADD23F04}.MinSizeRel|x64.Build.0 = MinSizeRel|x64
		{B914104C-22F6-38F5-BF0D-B533ADD23F04}.RelWithDebInfo|x64.ActiveCfg = RelWithDebInfo|x64
		{B914104C-22F6-38F5-BF0D-B533ADD23F04}.RelWithDebInfo|x64.Build.0 = RelWithDebInfo|x64
		{8EF49114-62C3-353C-9163-0F4A69FBC90E}.Debug|x64.ActiveCfg = Debug|x64
		{8EF49114-62C3-353C-9163-0F4A69FBC90E}.Debug|x64.Build.0 = Debug|x64
		{8EF49114-62C3-353C-9163-0F4A69FBC90E}.Release|x64.ActiveCfg = Release|x64
		{8EF49114-62C3-353C-9163-0F4A69FBC90E}.Release|x64.Build.0 = Release|x64
		{8EF49114-62C3-353C-9163-0F4A69FBC90E}.MinSizeRel|x64.ActiveCfg = MinSizeRel|x64
		{8EF49114-62C3-353C-9163-0F4A69FBC90E}.MinSizeRel|x64.Build.0 = MinSizeRel|x64
		{8EF49114-62C3-353C-9163-0F4A69FBC90E}.RelWithDebInfo|x64.ActiveCfg = RelWithDebInfo|x64
		{8EF49114-62C3-353C-9163-0F4A69FBC90E}.RelWithDebInfo|x64.Build.0 = RelWithDebInfo|x64
	EndGlobalSection
	GlobalSection(NestedProjects) = preSolution
		{A3568EAD-F249-37FF-826A-7A9CDE98BAAA} = {5F1EF505-E677-3B6B-B4BD-03393D7661EA}
		{7EE61996-5C65-3C63-9873-42D7540ACECD} = {5F1EF505-E677-3B6B-B4BD-03393D7661EA}
		{770ED3D8-6788-3CED-BD4E-3A6949E88CE6} = {5F1EF505-E677-3B6B-B4BD-03393D7661EA}
		{485BB744-4018-32A8-AE74-0357620010FD} = {7C68790B-B46D-3937-918B-01B9C090B799}
		{263F15F2-6EE4-3C55-9B32-0CAB156C241E} = {7C68790B-B46D-3937-918B-01B9C090B799}
		{36AC7B13-EBF2-382F-B958-4DEC1B8DFF39} = {485BB744-4018-32A8-AE74-0357620010FD}
		{B914104C-22F6-38F5-BF0D-B533ADD23F04} = {485BB744-4018-32A8-AE74-0357620010FD}
		{8EF49114-62C3-353C-9163-0F4A69FBC90E} = {485BB744-4018-32A8-AE74-0357620010FD}
		{F70F304F-63CE-3982-B8E5-CD5E5F87C9B6} = {263F15F2-6EE4-3C55-9B32-0CAB156C241E}
	EndGlobalSection
	GlobalSection(ExtensibilityGlobals) = postSolution
		SolutionGuid = {472DF525-4FC7-3E9A-825D-5D5E8551085C}
	EndGlobalSection
	GlobalSection(ExtensibilityAddIns) = postSolution
	EndGlobalSection
EndGlobal
