<?xml version="1.0" encoding="utf-8"?>
<Project ToolsVersion="16.0" xmlns="http://schemas.microsoft.com/developer/msbuild/2003">
  <ItemGroup>
    <CustomBuild Include="C:\Users\guoca\Desktop\RPARemoteDesktop\RDP\FreeRDP\CMakeFiles\7105c2aec5dd3cd64bd16bf42e7b32e5\PACKAGE_force.rule">
      <Filter>CMake Rules</Filter>
    </CustomBuild>
  </ItemGroup>
  <ItemGroup>
    <Filter Include="CMake Rules">
      <UniqueIdentifier>{1DB51A4B-379D-3A8B-B5FD-5255F8DB64B5}</UniqueIdentifier>
    </Filter>
  </ItemGroup>
</Project>
